// !$*UTF8*$!
{
	archiveVersion = 1;
	classes = {
	};
	objectVersion = 50;
	objects = {

/* Begin PBXBuildFile section */
		BF0231DA228911640017DAC0 /* NSString+category.m in Sources */ = {isa = PBXBuildFile; fileRef = BF0231D6228911640017DAC0 /* NSString+category.m */; };
		BF0231DB228911640017DAC0 /* MYTools.m in Sources */ = {isa = PBXBuildFile; fileRef = BF0231D8228911640017DAC0 /* MYTools.m */; };
		BF0231E2228926A00017DAC0 /* NSDate+category.m in Sources */ = {isa = PBXBuildFile; fileRef = BF0231E1228926A00017DAC0 /* NSDate+category.m */; };
		BF0231E5228971790017DAC0 /* UIImage+category.m in Sources */ = {isa = PBXBuildFile; fileRef = BF0231E4228971790017DAC0 /* UIImage+category.m */; };
		BF4CDC362286D3D800178BB8 /* AppDelegate.m in Sources */ = {isa = PBXBuildFile; fileRef = BF4CDC352286D3D800178BB8 /* AppDelegate.m */; };
		BF4CDC392286D3D800178BB8 /* ViewController.m in Sources */ = {isa = PBXBuildFile; fileRef = BF4CDC382286D3D800178BB8 /* ViewController.m */; };
		BF4CDC3C2286D3D800178BB8 /* Main.storyboard in Resources */ = {isa = PBXBuildFile; fileRef = BF4CDC3A2286D3D800178BB8 /* Main.storyboard */; };
		BF4CDC3E2286D3DA00178BB8 /* Assets.xcassets in Resources */ = {isa = PBXBuildFile; fileRef = BF4CDC3D2286D3DA00178BB8 /* Assets.xcassets */; };
		BF4CDC412286D3DA00178BB8 /* LaunchScreen.storyboard in Resources */ = {isa = PBXBuildFile; fileRef = BF4CDC3F2286D3DA00178BB8 /* LaunchScreen.storyboard */; };
		BF4CDC442286D3DA00178BB8 /* main.m in Sources */ = {isa = PBXBuildFile; fileRef = BF4CDC432286D3DA00178BB8 /* main.m */; };
		BF4CDC4E2286D3DA00178BB8 /* ThreeSandOceanTests.m in Sources */ = {isa = PBXBuildFile; fileRef = BF4CDC4D2286D3DA00178BB8 /* ThreeSandOceanTests.m */; };
		BF4CDC592286D3DA00178BB8 /* ThreeSandOceanUITests.m in Sources */ = {isa = PBXBuildFile; fileRef = BF4CDC582286D3DA00178BB8 /* ThreeSandOceanUITests.m */; };
		D5EBA5DDF5A51EAB18F071CD /* libPods-ThreeSandOcean.a in Frameworks */ = {isa = PBXBuildFile; fileRef = 7FA82C7D5427BEBFFA888139 /* libPods-ThreeSandOcean.a */; };
/* End PBXBuildFile section */

/* Begin PBXContainerItemProxy section */
		BF4CDC4A2286D3DA00178BB8 /* PBXContainerItemProxy */ = {
			isa = PBXContainerItemProxy;
			containerPortal = BF4CDC292286D3D800178BB8 /* Project object */;
			proxyType = 1;
			remoteGlobalIDString = BF4CDC302286D3D800178BB8;
			remoteInfo = ThreeSandOcean;
		};
		BF4CDC552286D3DA00178BB8 /* PBXContainerItemProxy */ = {
			isa = PBXContainerItemProxy;
			containerPortal = BF4CDC292286D3D800178BB8 /* Project object */;
			proxyType = 1;
			remoteGlobalIDString = BF4CDC302286D3D800178BB8;
			remoteInfo = ThreeSandOcean;
		};
/* End PBXContainerItemProxy section */

/* Begin PBXFileReference section */
		02094F273CD0C2396BA247F8 /* Pods-ThreeSandOcean.debug.xcconfig */ = {isa = PBXFileReference; includeInIndex = 1; lastKnownFileType = text.xcconfig; name = "Pods-ThreeSandOcean.debug.xcconfig"; path = "Target Support Files/Pods-ThreeSandOcean/Pods-ThreeSandOcean.debug.xcconfig"; sourceTree = "<group>"; };
		7FA82C7D5427BEBFFA888139 /* libPods-ThreeSandOcean.a */ = {isa = PBXFileReference; explicitFileType = archive.ar; includeInIndex = 0; path = "libPods-ThreeSandOcean.a"; sourceTree = BUILT_PRODUCTS_DIR; };
		BF0231D6228911640017DAC0 /* NSString+category.m */ = {isa = PBXFileReference; fileEncoding = 4; lastKnownFileType = sourcecode.c.objc; path = "NSString+category.m"; sourceTree = "<group>"; };
		BF0231D7228911640017DAC0 /* MYTools.h */ = {isa = PBXFileReference; fileEncoding = 4; lastKnownFileType = sourcecode.c.h; path = MYTools.h; sourceTree = "<group>"; };
		BF0231D8228911640017DAC0 /* MYTools.m */ = {isa = PBXFileReference; fileEncoding = 4; lastKnownFileType = sourcecode.c.objc; path = MYTools.m; sourceTree = "<group>"; };
		BF0231D9228911640017DAC0 /* NSString+category.h */ = {isa = PBXFileReference; fileEncoding = 4; lastKnownFileType = sourcecode.c.h; path = "NSString+category.h"; sourceTree = "<group>"; };
		BF0231E02289269F0017DAC0 /* NSDate+category.h */ = {isa = PBXFileReference; lastKnownFileType = sourcecode.c.h; path = "NSDate+category.h"; sourceTree = "<group>"; };
		BF0231E1228926A00017DAC0 /* NSDate+category.m */ = {isa = PBXFileReference; lastKnownFileType = sourcecode.c.objc; path = "NSDate+category.m"; sourceTree = "<group>"; };
		BF0231E3228971790017DAC0 /* UIImage+category.h */ = {isa = PBXFileReference; lastKnownFileType = sourcecode.c.h; path = "UIImage+category.h"; sourceTree = "<group>"; };
		BF0231E4228971790017DAC0 /* UIImage+category.m */ = {isa = PBXFileReference; lastKnownFileType = sourcecode.c.objc; path = "UIImage+category.m"; sourceTree = "<group>"; };
		BF4CDC312286D3D800178BB8 /* ThreeSandOcean.app */ = {isa = PBXFileReference; explicitFileType = wrapper.application; includeInIndex = 0; path = ThreeSandOcean.app; sourceTree = BUILT_PRODUCTS_DIR; };
		BF4CDC342286D3D800178BB8 /* AppDelegate.h */ = {isa = PBXFileReference; lastKnownFileType = sourcecode.c.h; path = AppDelegate.h; sourceTree = "<group>"; };
		BF4CDC352286D3D800178BB8 /* AppDelegate.m */ = {isa = PBXFileReference; lastKnownFileType = sourcecode.c.objc; path = AppDelegate.m; sourceTree = "<group>"; };
		BF4CDC372286D3D800178BB8 /* ViewController.h */ = {isa = PBXFileReference; lastKnownFileType = sourcecode.c.h; path = ViewController.h; sourceTree = "<group>"; };
		BF4CDC382286D3D800178BB8 /* ViewController.m */ = {isa = PBXFileReference; lastKnownFileType = sourcecode.c.objc; path = ViewController.m; sourceTree = "<group>"; };
		BF4CDC3B2286D3D800178BB8 /* Base */ = {isa = PBXFileReference; lastKnownFileType = file.storyboard; name = Base; path = Base.lproj/Main.storyboard; sourceTree = "<group>"; };
		BF4CDC3D2286D3DA00178BB8 /* Assets.xcassets */ = {isa = PBXFileReference; lastKnownFileType = folder.assetcatalog; path = Assets.xcassets; sourceTree = "<group>"; };
		BF4CDC402286D3DA00178BB8 /* Base */ = {isa = PBXFileReference; lastKnownFileType = file.storyboard; name = Base; path = Base.lproj/LaunchScreen.storyboard; sourceTree = "<group>"; };
		BF4CDC422286D3DA00178BB8 /* Info.plist */ = {isa = PBXFileReference; lastKnownFileType = text.plist.xml; path = Info.plist; sourceTree = "<group>"; };
		BF4CDC432286D3DA00178BB8 /* main.m */ = {isa = PBXFileReference; lastKnownFileType = sourcecode.c.objc; path = main.m; sourceTree = "<group>"; };
		BF4CDC492286D3DA00178BB8 /* ThreeSandOceanTests.xctest */ = {isa = PBXFileReference; explicitFileType = wrapper.cfbundle; includeInIndex = 0; path = ThreeSandOceanTests.xctest; sourceTree = BUILT_PRODUCTS_DIR; };
		BF4CDC4D2286D3DA00178BB8 /* ThreeSandOceanTests.m */ = {isa = PBXFileReference; lastKnownFileType = sourcecode.c.objc; path = ThreeSandOceanTests.m; sourceTree = "<group>"; };
		BF4CDC4F2286D3DA00178BB8 /* Info.plist */ = {isa = PBXFileReference; lastKnownFileType = text.plist.xml; path = Info.plist; sourceTree = "<group>"; };
		BF4CDC542286D3DA00178BB8 /* ThreeSandOceanUITests.xctest */ = {isa = PBXFileReference; explicitFileType = wrapper.cfbundle; includeInIndex = 0; path = ThreeSandOceanUITests.xctest; sourceTree = BUILT_PRODUCTS_DIR; };
		BF4CDC582286D3DA00178BB8 /* ThreeSandOceanUITests.m */ = {isa = PBXFileReference; lastKnownFileType = sourcecode.c.objc; path = ThreeSandOceanUITests.m; sourceTree = "<group>"; };
		BF4CDC5A2286D3DA00178BB8 /* Info.plist */ = {isa = PBXFileReference; lastKnownFileType = text.plist.xml; path = Info.plist; sourceTree = "<group>"; };
		BF4CDC672286DAA900178BB8 /* LYHPrefixHeader.pch */ = {isa = PBXFileReference; lastKnownFileType = sourcecode.c.h; path = LYHPrefixHeader.pch; sourceTree = "<group>"; };
		E9F4658823746F7C218C944F /* Pods-ThreeSandOcean.release.xcconfig */ = {isa = PBXFileReference; includeInIndex = 1; lastKnownFileType = text.xcconfig; name = "Pods-ThreeSandOcean.release.xcconfig"; path = "Target Support Files/Pods-ThreeSandOcean/Pods-ThreeSandOcean.release.xcconfig"; sourceTree = "<group>"; };
/* End PBXFileReference section */

/* Begin PBXFrameworksBuildPhase section */
		BF4CDC2E2286D3D800178BB8 /* Frameworks */ = {
			isa = PBXFrameworksBuildPhase;
			buildActionMask = 2147483647;
			files = (
				D5EBA5DDF5A51EAB18F071CD /* libPods-ThreeSandOcean.a in Frameworks */,
			);
			runOnlyForDeploymentPostprocessing = 0;
		};
		BF4CDC462286D3DA00178BB8 /* Frameworks */ = {
			isa = PBXFrameworksBuildPhase;
			buildActionMask = 2147483647;
			files = (
			);
			runOnlyForDeploymentPostprocessing = 0;
		};
		BF4CDC512286D3DA00178BB8 /* Frameworks */ = {
			isa = PBXFrameworksBuildPhase;
			buildActionMask = 2147483647;
			files = (
			);
			runOnlyForDeploymentPostprocessing = 0;
		};
/* End PBXFrameworksBuildPhase section */

/* Begin PBXGroup section */
		1202EE958DE9617859EB7ABA /* Pods */ = {
			isa = PBXGroup;
			children = (
				02094F273CD0C2396BA247F8 /* Pods-ThreeSandOcean.debug.xcconfig */,
				E9F4658823746F7C218C944F /* Pods-ThreeSandOcean.release.xcconfig */,
			);
			path = Pods;
			sourceTree = "<group>";
		};
		71C62828338AA1EDD98C120B /* Frameworks */ = {
			isa = PBXGroup;
			children = (
				7FA82C7D5427BEBFFA888139 /* libPods-ThreeSandOcean.a */,
			);
			name = Frameworks;
			sourceTree = "<group>";
		};
		BF0231DC228911BB0017DAC0 /* tools */ = {
			isa = PBXGroup;
			children = (
				BF4CDC672286DAA900178BB8 /* LYHPrefixHeader.pch */,
				BF0231D7228911640017DAC0 /* MYTools.h */,
				BF0231D8228911640017DAC0 /* MYTools.m */,
				BF0231D9228911640017DAC0 /* NSString+category.h */,
				BF0231D6228911640017DAC0 /* NSString+category.m */,
				BF0231E02289269F0017DAC0 /* NSDate+category.h */,
				BF0231E1228926A00017DAC0 /* NSDate+category.m */,
				BF0231E3228971790017DAC0 /* UIImage+category.h */,
				BF0231E4228971790017DAC0 /* UIImage+category.m */,
			);
			path = tools;
			sourceTree = "<group>";
		};
		BF4CDC282286D3D800178BB8 = {
			isa = PBXGroup;
			children = (
				BF4CDC332286D3D800178BB8 /* ThreeSandOcean */,
				BF4CDC4C2286D3DA00178BB8 /* ThreeSandOceanTests */,
				BF4CDC572286D3DA00178BB8 /* ThreeSandOceanUITests */,
				BF4CDC322286D3D800178BB8 /* Products */,
				1202EE958DE9617859EB7ABA /* Pods */,
				71C62828338AA1EDD98C120B /* Frameworks */,
			);
			sourceTree = "<group>";
		};
		BF4CDC322286D3D800178BB8 /* Products */ = {
			isa = PBXGroup;
			children = (
				BF4CDC312286D3D800178BB8 /* ThreeSandOcean.app */,
				BF4CDC492286D3DA00178BB8 /* ThreeSandOceanTests.xctest */,
				BF4CDC542286D3DA00178BB8 /* ThreeSandOceanUITests.xctest */,
			);
			name = Products;
			sourceTree = "<group>";
		};
		BF4CDC332286D3D800178BB8 /* ThreeSandOcean */ = {
			isa = PBXGroup;
			children = (
				BF0231DC228911BB0017DAC0 /* tools */,
				BF4CDC342286D3D800178BB8 /* AppDelegate.h */,
				BF4CDC352286D3D800178BB8 /* AppDelegate.m */,
				BF4CDC372286D3D800178BB8 /* ViewController.h */,
				BF4CDC382286D3D800178BB8 /* ViewController.m */,
				BF4CDC3A2286D3D800178BB8 /* Main.storyboard */,
				BF4CDC3D2286D3DA00178BB8 /* Assets.xcassets */,
				BF4CDC3F2286D3DA00178BB8 /* LaunchScreen.storyboard */,
				BF4CDC422286D3DA00178BB8 /* Info.plist */,
				BF4CDC432286D3DA00178BB8 /* main.m */,
			);
			path = ThreeSandOcean;
			sourceTree = "<group>";
		};
		BF4CDC4C2286D3DA00178BB8 /* ThreeSandOceanTests */ = {
			isa = PBXGroup;
			children = (
				BF4CDC4D2286D3DA00178BB8 /* ThreeSandOceanTests.m */,
				BF4CDC4F2286D3DA00178BB8 /* Info.plist */,
			);
			path = ThreeSandOceanTests;
			sourceTree = "<group>";
		};
		BF4CDC572286D3DA00178BB8 /* ThreeSandOceanUITests */ = {
			isa = PBXGroup;
			children = (
				BF4CDC582286D3DA00178BB8 /* ThreeSandOceanUITests.m */,
				BF4CDC5A2286D3DA00178BB8 /* Info.plist */,
			);
			path = ThreeSandOceanUITests;
			sourceTree = "<group>";
		};
/* End PBXGroup section */

/* Begin PBXNativeTarget section */
		BF4CDC302286D3D800178BB8 /* ThreeSandOcean */ = {
			isa = PBXNativeTarget;
			buildConfigurationList = BF4CDC5D2286D3DA00178BB8 /* Build configuration list for PBXNativeTarget "ThreeSandOcean" */;
			buildPhases = (
				B6D280B2544F8C1F67C82F9A /* [CP] Check Pods Manifest.lock */,
				BF4CDC2D2286D3D800178BB8 /* Sources */,
				BF4CDC2E2286D3D800178BB8 /* Frameworks */,
				BF4CDC2F2286D3D800178BB8 /* Resources */,
				00749A3D8FC6B303E33DF740 /* [CP] Copy Pods Resources */,
			);
			buildRules = (
			);
			dependencies = (
			);
			name = ThreeSandOcean;
			productName = ThreeSandOcean;
			productReference = BF4CDC312286D3D800178BB8 /* ThreeSandOcean.app */;
			productType = "com.apple.product-type.application";
		};
		BF4CDC482286D3DA00178BB8 /* ThreeSandOceanTests */ = {
			isa = PBXNativeTarget;
			buildConfigurationList = BF4CDC602286D3DA00178BB8 /* Build configuration list for PBXNativeTarget "ThreeSandOceanTests" */;
			buildPhases = (
				BF4CDC452286D3DA00178BB8 /* Sources */,
				BF4CDC462286D3DA00178BB8 /* Frameworks */,
				BF4CDC472286D3DA00178BB8 /* Resources */,
			);
			buildRules = (
			);
			dependencies = (
				BF4CDC4B2286D3DA00178BB8 /* PBXTargetDependency */,
			);
			name = ThreeSandOceanTests;
			productName = ThreeSandOceanTests;
			productReference = BF4CDC492286D3DA00178BB8 /* ThreeSandOceanTests.xctest */;
			productType = "com.apple.product-type.bundle.unit-test";
		};
		BF4CDC532286D3DA00178BB8 /* ThreeSandOceanUITests */ = {
			isa = PBXNativeTarget;
			buildConfigurationList = BF4CDC632286D3DA00178BB8 /* Build configuration list for PBXNativeTarget "ThreeSandOceanUITests" */;
			buildPhases = (
				BF4CDC502286D3DA00178BB8 /* Sources */,
				BF4CDC512286D3DA00178BB8 /* Frameworks */,
				BF4CDC522286D3DA00178BB8 /* Resources */,
			);
			buildRules = (
			);
			dependencies = (
				BF4CDC562286D3DA00178BB8 /* PBXTargetDependency */,
			);
			name = ThreeSandOceanUITests;
			productName = ThreeSandOceanUITests;
			productReference = BF4CDC542286D3DA00178BB8 /* ThreeSandOceanUITests.xctest */;
			productType = "com.apple.product-type.bundle.ui-testing";
		};
/* End PBXNativeTarget section */

/* Begin PBXProject section */
		BF4CDC292286D3D800178BB8 /* Project object */ = {
			isa = PBXProject;
			attributes = {
				LastUpgradeCheck = 1020;
				ORGANIZATIONNAME = tools;
				TargetAttributes = {
					BF4CDC302286D3D800178BB8 = {
						CreatedOnToolsVersion = 10.2.1;
					};
					BF4CDC482286D3DA00178BB8 = {
						CreatedOnToolsVersion = 10.2.1;
						TestTargetID = BF4CDC302286D3D800178BB8;
					};
					BF4CDC532286D3DA00178BB8 = {
						CreatedOnToolsVersion = 10.2.1;
						TestTargetID = BF4CDC302286D3D800178BB8;
					};
				};
			};
			buildConfigurationList = BF4CDC2C2286D3D800178BB8 /* Build configuration list for PBXProject "ThreeSandOcean" */;
			compatibilityVersion = "Xcode 9.3";
			developmentRegion = en;
			hasScannedForEncodings = 0;
			knownRegions = (
				en,
				Base,
			);
			mainGroup = BF4CDC282286D3D800178BB8;
			productRefGroup = BF4CDC322286D3D800178BB8 /* Products */;
			projectDirPath = "";
			projectRoot = "";
			targets = (
				BF4CDC302286D3D800178BB8 /* ThreeSandOcean */,
				BF4CDC482286D3DA00178BB8 /* ThreeSandOceanTests */,
				BF4CDC532286D3DA00178BB8 /* ThreeSandOceanUITests */,
			);
		};
/* End PBXProject section */

/* Begin PBXResourcesBuildPhase section */
		BF4CDC2F2286D3D800178BB8 /* Resources */ = {
			isa = PBXResourcesBuildPhase;
			buildActionMask = 2147483647;
			files = (
				BF4CDC412286D3DA00178BB8 /* LaunchScreen.storyboard in Resources */,
				BF4CDC3E2286D3DA00178BB8 /* Assets.xcassets in Resources */,
				BF4CDC3C2286D3D800178BB8 /* Main.storyboard in Resources */,
			);
			runOnlyForDeploymentPostprocessing = 0;
		};
		BF4CDC472286D3DA00178BB8 /* Resources */ = {
			isa = PBXResourcesBuildPhase;
			buildActionMask = 2147483647;
			files = (
			);
			runOnlyForDeploymentPostprocessing = 0;
		};
		BF4CDC522286D3DA00178BB8 /* Resources */ = {
			isa = PBXResourcesBuildPhase;
			buildActionMask = 2147483647;
			files = (
			);
			runOnlyForDeploymentPostprocessing = 0;
		};
/* End PBXResourcesBuildPhase section */

/* Begin PBXShellScriptBuildPhase section */
		00749A3D8FC6B303E33DF740 /* [CP] Copy Pods Resources */ = {
			isa = PBXShellScriptBuildPhase;
			buildActionMask = 2147483647;
			files = (
			);
			inputFileListPaths = (
			);
			inputPaths = (
				"${PODS_ROOT}/Target Support Files/Pods-ThreeSandOcean/Pods-ThreeSandOcean-resources.sh",
				"${PODS_ROOT}/MJRefresh/MJRefresh/MJRefresh.bundle",
			);
			name = "[CP] Copy Pods Resources";
			outputFileListPaths = (
			);
			outputPaths = (
				"${TARGET_BUILD_DIR}/${UNLOCALIZED_RESOURCES_FOLDER_PATH}/MJRefresh.bundle",
			);
			runOnlyForDeploymentPostprocessing = 0;
			shellPath = /bin/sh;
			shellScript = "\"${PODS_ROOT}/Target Support Files/Pods-ThreeSandOcean/Pods-ThreeSandOcean-resources.sh\"\n";
			showEnvVarsInLog = 0;
		};
		B6D280B2544F8C1F67C82F9A /* [CP] Check Pods Manifest.lock */ = {
			isa = PBXShellScriptBuildPhase;
			buildActionMask = 2147483647;
			files = (
			);
			inputFileListPaths = (
			);
			inputPaths = (
				"${PODS_PODFILE_DIR_PATH}/Podfile.lock",
				"${PODS_ROOT}/Manifest.lock",
			);
			name = "[CP] Check Pods Manifest.lock";
			outputFileListPaths = (
			);
			outputPaths = (
				"$(DERIVED_FILE_DIR)/Pods-ThreeSandOcean-checkManifestLockResult.txt",
			);
			runOnlyForDeploymentPostprocessing = 0;
			shellPath = /bin/sh;
			shellScript = "diff \"${PODS_PODFILE_DIR_PATH}/Podfile.lock\" \"${PODS_ROOT}/Manifest.lock\" > /dev/null\nif [ $? != 0 ] ; then\n    # print error to STDERR\n    echo \"error: The sandbox is not in sync with the Podfile.lock. Run 'pod install' or update your CocoaPods installation.\" >&2\n    exit 1\nfi\n# This output is used by Xcode 'outputs' to avoid re-running this script phase.\necho \"SUCCESS\" > \"${SCRIPT_OUTPUT_FILE_0}\"\n";
			showEnvVarsInLog = 0;
		};
/* End PBXShellScriptBuildPhase section */

/* Begin PBXSourcesBuildPhase section */
		BF4CDC2D2286D3D800178BB8 /* Sources */ = {
			isa = PBXSourcesBuildPhase;
			buildActionMask = 2147483647;
			files = (
				BF4CDC392286D3D800178BB8 /* ViewController.m in Sources */,
				BF4CDC442286D3DA00178BB8 /* main.m in Sources */,
				BF0231E5228971790017DAC0 /* UIImage+category.m in Sources */,
				BF0231E2228926A00017DAC0 /* NSDate+category.m in Sources */,
				BF0231DB228911640017DAC0 /* MYTools.m in Sources */,
				BF4CDC362286D3D800178BB8 /* AppDelegate.m in Sources */,
				BF0231DA228911640017DAC0 /* NSString+category.m in Sources */,
			);
			runOnlyForDeploymentPostprocessing = 0;
		};
		BF4CDC452286D3DA00178BB8 /* Sources */ = {
			isa = PBXSourcesBuildPhase;
			buildActionMask = 2147483647;
			files = (
				BF4CDC4E2286D3DA00178BB8 /* ThreeSandOceanTests.m in Sources */,
			);
			runOnlyForDeploymentPostprocessing = 0;
		};
		BF4CDC502286D3DA00178BB8 /* Sources */ = {
			isa = PBXSourcesBuildPhase;
			buildActionMask = 2147483647;
			files = (
				BF4CDC592286D3DA00178BB8 /* ThreeSandOceanUITests.m in Sources */,
			);
			runOnlyForDeploymentPostprocessing = 0;
		};
/* End PBXSourcesBuildPhase section */

/* Begin PBXTargetDependency section */
		BF4CDC4B2286D3DA00178BB8 /* PBXTargetDependency */ = {
			isa = PBXTargetDependency;
			target = BF4CDC302286D3D800178BB8 /* ThreeSandOcean */;
			targetProxy = BF4CDC4A2286D3DA00178BB8 /* PBXContainerItemProxy */;
		};
		BF4CDC562286D3DA00178BB8 /* PBXTargetDependency */ = {
			isa = PBXTargetDependency;
			target = BF4CDC302286D3D800178BB8 /* ThreeSandOcean */;
			targetProxy = BF4CDC552286D3DA00178BB8 /* PBXContainerItemProxy */;
		};
/* End PBXTargetDependency section */

/* Begin PBXVariantGroup section */
		BF4CDC3A2286D3D800178BB8 /* Main.storyboard */ = {
			isa = PBXVariantGroup;
			children = (
				BF4CDC3B2286D3D800178BB8 /* Base */,
			);
			name = Main.storyboard;
			sourceTree = "<group>";
		};
		BF4CDC3F2286D3DA00178BB8 /* LaunchScreen.storyboard */ = {
			isa = PBXVariantGroup;
			children = (
				BF4CDC402286D3DA00178BB8 /* Base */,
			);
			name = LaunchScreen.storyboard;
			sourceTree = "<group>";
		};
/* End PBXVariantGroup section */

/* Begin XCBuildConfiguration section */
		BF4CDC5B2286D3DA00178BB8 /* Debug */ = {
			isa = XCBuildConfiguration;
			buildSettings = {
				ALWAYS_SEARCH_USER_PATHS = NO;
				CLANG_ANALYZER_NONNULL = YES;
				CLANG_ANALYZER_NUMBER_OBJECT_CONVERSION = YES_AGGRESSIVE;
				CLANG_CXX_LANGUAGE_STANDARD = "gnu++14";
				CLANG_CXX_LIBRARY = "libc++";
				CLANG_ENABLE_MODULES = YES;
				CLANG_ENABLE_OBJC_ARC = YES;
				CLANG_ENABLE_OBJC_WEAK = YES;
				CLANG_WARN_BLOCK_CAPTURE_AUTORELEASING = YES;
				CLANG_WARN_BOOL_CONVERSION = YES;
				CLANG_WARN_COMMA = YES;
				CLANG_WARN_CONSTANT_CONVERSION = YES;
				CLANG_WARN_DEPRECATED_OBJC_IMPLEMENTATIONS = YES;
				CLANG_WARN_DIRECT_OBJC_ISA_USAGE = YES_ERROR;
				CLANG_WARN_DOCUMENTATION_COMMENTS = YES;
				CLANG_WARN_EMPTY_BODY = YES;
				CLANG_WARN_ENUM_CONVERSION = YES;
				CLANG_WARN_INFINITE_RECURSION = YES;
				CLANG_WARN_INT_CONVERSION = YES;
				CLANG_WARN_NON_LITERAL_NULL_CONVERSION = YES;
				CLANG_WARN_OBJC_IMPLICIT_RETAIN_SELF = YES;
				CLANG_WARN_OBJC_LITERAL_CONVERSION = YES;
				CLANG_WARN_OBJC_ROOT_CLASS = YES_ERROR;
				CLANG_WARN_RANGE_LOOP_ANALYSIS = YES;
				CLANG_WARN_STRICT_PROTOTYPES = YES;
				CLANG_WARN_SUSPICIOUS_MOVE = YES;
				CLANG_WARN_UNGUARDED_AVAILABILITY = YES_AGGRESSIVE;
				CLANG_WARN_UNREACHABLE_CODE = YES;
				CLANG_WARN__DUPLICATE_METHOD_MATCH = YES;
				CODE_SIGN_IDENTITY = "iPhone Developer";
				COPY_PHASE_STRIP = NO;
				DEBUG_INFORMATION_FORMAT = dwarf;
				ENABLE_STRICT_OBJC_MSGSEND = YES;
				ENABLE_TESTABILITY = YES;
				GCC_C_LANGUAGE_STANDARD = gnu11;
				GCC_DYNAMIC_NO_PIC = NO;
				GCC_NO_COMMON_BLOCKS = YES;
				GCC_OPTIMIZATION_LEVEL = 0;
				GCC_PREPROCESSOR_DEFINITIONS = (
					"DEBUG=1",
					"$(inherited)",
				);
				GCC_WARN_64_TO_32_BIT_CONVERSION = YES;
				GCC_WARN_ABOUT_RETURN_TYPE = YES_ERROR;
				GCC_WARN_UNDECLARED_SELECTOR = YES;
				GCC_WARN_UNINITIALIZED_AUTOS = YES_AGGRESSIVE;
				GCC_WARN_UNUSED_FUNCTION = YES;
				GCC_WARN_UNUSED_VARIABLE = YES;
				IPHONEOS_DEPLOYMENT_TARGET = 12.2;
				MTL_ENABLE_DEBUG_INFO = INCLUDE_SOURCE;
				MTL_FAST_MATH = YES;
				ONLY_ACTIVE_ARCH = YES;
				SDKROOT = iphoneos;
			};
			name = Debug;
		};
		BF4CDC5C2286D3DA00178BB8 /* Release */ = {
			isa = XCBuildConfiguration;
			buildSettings = {
				ALWAYS_SEARCH_USER_PATHS = NO;
				CLANG_ANALYZER_NONNULL = YES;
				CLANG_ANALYZER_NUMBER_OBJECT_CONVERSION = YES_AGGRESSIVE;
				CLANG_CXX_LANGUAGE_STANDARD = "gnu++14";
				CLANG_CXX_LIBRARY = "libc++";
				CLANG_ENABLE_MODULES = YES;
				CLANG_ENABLE_OBJC_ARC = YES;
				CLANG_ENABLE_OBJC_WEAK = YES;
				CLANG_WARN_BLOCK_CAPTURE_AUTORELEASING = YES;
				CLANG_WARN_BOOL_CONVERSION = YES;
				CLANG_WARN_COMMA = YES;
				CLANG_WARN_CONSTANT_CONVERSION = YES;
				CLANG_WARN_DEPRECATED_OBJC_IMPLEMENTATIONS = YES;
				CLANG_WARN_DIRECT_OBJC_ISA_USAGE = YES_ERROR;
				CLANG_WARN_DOCUMENTATION_COMMENTS = YES;
				CLANG_WARN_EMPTY_BODY = YES;
				CLANG_WARN_ENUM_CONVERSION = YES;
				CLANG_WARN_INFINITE_RECURSION = YES;
				CLANG_WARN_INT_CONVERSION = YES;
				CLANG_WARN_NON_LITERAL_NULL_CONVERSION = YES;
				CLANG_WARN_OBJC_IMPLICIT_RETAIN_SELF = YES;
				CLANG_WARN_OBJC_LITERAL_CONVERSION = YES;
				CLANG_WARN_OBJC_ROOT_CLASS = YES_ERROR;
				CLANG_WARN_RANGE_LOOP_ANALYSIS = YES;
				CLANG_WARN_STRICT_PROTOTYPES = YES;
				CLANG_WARN_SUSPICIOUS_MOVE = YES;
				CLANG_WARN_UNGUARDED_AVAILABILITY = YES_AGGRESSIVE;
				CLANG_WARN_UNREACHABLE_CODE = YES;
				CLANG_WARN__DUPLICATE_METHOD_MATCH = YES;
				CODE_SIGN_IDENTITY = "iPhone Developer";
				COPY_PHASE_STRIP = NO;
				DEBUG_INFORMATION_FORMAT = "dwarf-with-dsym";
				ENABLE_NS_ASSERTIONS = NO;
				ENABLE_STRICT_OBJC_MSGSEND = YES;
				GCC_C_LANGUAGE_STANDARD = gnu11;
				GCC_NO_COMMON_BLOCKS = YES;
				GCC_WARN_64_TO_32_BIT_CONVERSION = YES;
				GCC_WARN_ABOUT_RETURN_TYPE = YES_ERROR;
				GCC_WARN_UNDECLARED_SELECTOR = YES;
				GCC_WARN_UNINITIALIZED_AUTOS = YES_AGGRESSIVE;
				GCC_WARN_UNUSED_FUNCTION = YES;
				GCC_WARN_UNUSED_VARIABLE = YES;
				IPHONEOS_DEPLOYMENT_TARGET = 12.2;
				MTL_ENABLE_DEBUG_INFO = NO;
				MTL_FAST_MATH = YES;
				SDKROOT = iphoneos;
				VALIDATE_PRODUCT = YES;
			};
			name = Release;
		};
		BF4CDC5E2286D3DA00178BB8 /* Debug */ = {
			isa = XCBuildConfiguration;
			baseConfigurationReference = 02094F273CD0C2396BA247F8 /* Pods-ThreeSandOcean.debug.xcconfig */;
			buildSettings = {
				ASSETCATALOG_COMPILER_APPICON_NAME = AppIcon;
				CODE_SIGN_STYLE = Automatic;
				DEVELOPMENT_TEAM = 64993232M7;
				INFOPLIST_FILE = ThreeSandOcean/Info.plist;
				LD_RUNPATH_SEARCH_PATHS = (
					"$(inherited)",
					"@executable_path/Frameworks",
				);
				PRODUCT_BUNDLE_IDENTIFIER = tools.ThreeSandOcean;
				PRODUCT_NAME = "$(TARGET_NAME)";
				TARGETED_DEVICE_FAMILY = "1,2";
			};
			name = Debug;
		};
		BF4CDC5F2286D3DA00178BB8 /* Release */ = {
			isa = XCBuildConfiguration;
			baseConfigurationReference = E9F4658823746F7C218C944F /* Pods-ThreeSandOcean.release.xcconfig */;
			buildSettings = {
				ASSETCATALOG_COMPILER_APPICON_NAME = AppIcon;
				CODE_SIGN_STYLE = Automatic;
				DEVELOPMENT_TEAM = 64993232M7;
				INFOPLIST_FILE = ThreeSandOcean/Info.plist;
				LD_RUNPATH_SEARCH_PATHS = (
					"$(inherited)",
					"@executable_path/Frameworks",
				);
				PRODUCT_BUNDLE_IDENTIFIER = tools.ThreeSandOcean;
				PRODUCT_NAME = "$(TARGET_NAME)";
				TARGETED_DEVICE_FAMILY = "1,2";
			};
			name = Release;
		};
		BF4CDC612286D3DA00178BB8 /* Debug */ = {
			isa = XCBuildConfiguration;
			buildSettings = {
				BUNDLE_LOADER = "$(TEST_HOST)";
				CODE_SIGN_STYLE = Automatic;
				DEVELOPMENT_TEAM = 64993232M7;
				INFOPLIST_FILE = ThreeSandOceanTests/Info.plist;
				LD_RUNPATH_SEARCH_PATHS = (
					"$(inherited)",
					"@executable_path/Frameworks",
					"@loader_path/Frameworks",
				);
				PRODUCT_BUNDLE_IDENTIFIER = tools.ThreeSandOceanTests;
				PRODUCT_NAME = "$(TARGET_NAME)";
				TARGETED_DEVICE_FAMILY = "1,2";
				TEST_HOST = "$(BUILT_PRODUCTS_DIR)/ThreeSandOcean.app/ThreeSandOcean";
			};
			name = Debug;
		};
		BF4CDC622286D3DA00178BB8 /* Release */ = {
			isa = XCBuildConfiguration;
			buildSettings = {
				BUNDLE_LOADER = "$(TEST_HOST)";
				CODE_SIGN_STYLE = Automatic;
				DEVELOPMENT_TEAM = 64993232M7;
				INFOPLIST_FILE = ThreeSandOceanTests/Info.plist;
				LD_RUNPATH_SEARCH_PATHS = (
					"$(inherited)",
					"@executable_path/Frameworks",
					"@loader_path/Frameworks",
				);
				PRODUCT_BUNDLE_IDENTIFIER = tools.ThreeSandOceanTests;
				PRODUCT_NAME = "$(TARGET_NAME)";
				TARGETED_DEVICE_FAMILY = "1,2";
				TEST_HOST = "$(BUILT_PRODUCTS_DIR)/ThreeSandOcean.app/ThreeSandOcean";
			};
			name = Release;
		};
		BF4CDC642286D3DA00178BB8 /* Debug */ = {
			isa = XCBuildConfiguration;
			buildSettings = {
				CODE_SIGN_STYLE = Automatic;
				DEVELOPMENT_TEAM = 64993232M7;
				INFOPLIST_FILE = ThreeSandOceanUITests/Info.plist;
				LD_RUNPATH_SEARCH_PATHS = (
					"$(inherited)",
					"@executable_path/Frameworks",
					"@loader_path/Frameworks",
				);
				PRODUCT_BUNDLE_IDENTIFIER = tools.ThreeSandOceanUITests;
				PRODUCT_NAME = "$(TARGET_NAME)";
				TARGETED_DEVICE_FAMILY = "1,2";
				TEST_TARGET_NAME = ThreeSandOcean;
			};
			name = Debug;
		};
		BF4CDC652286D3DA00178BB8 /* Release */ = {
			isa = XCBuildConfiguration;
			buildSettings = {
				CODE_SIGN_STYLE = Automatic;
				DEVELOPMENT_TEAM = 64993232M7;
				INFOPLIST_FILE = ThreeSandOceanUITests/Info.plist;
				LD_RUNPATH_SEARCH_PATHS = (
					"$(inherited)",
					"@executable_path/Frameworks",
					"@loader_path/Frameworks",
				);
				PRODUCT_BUNDLE_IDENTIFIER = tools.ThreeSandOceanUITests;
				PRODUCT_NAME = "$(TARGET_NAME)";
				TARGETED_DEVICE_FAMILY = "1,2";
				TEST_TARGET_NAME = ThreeSandOcean;
			};
			name = Release;
		};
/* End XCBuildConfiguration section */

/* Begin XCConfigurationList section */
		BF4CDC2C2286D3D800178BB8 /* Build configuration list for PBXProject "ThreeSandOcean" */ = {
			isa = XCConfigurationList;
			buildConfigurations = (
				BF4CDC5B2286D3DA00178BB8 /* Debug */,
				BF4CDC5C2286D3DA00178BB8 /* Release */,
			);
			defaultConfigurationIsVisible = 0;
			defaultConfigurationName = Release;
		};
		BF4CDC5D2286D3DA00178BB8 /* Build configuration list for PBXNativeTarget "ThreeSandOcean" */ = {
			isa = XCConfigurationList;
			buildConfigurations = (
				BF4CDC5E2286D3DA00178BB8 /* Debug */,
				BF4CDC5F2286D3DA00178BB8 /* Release */,
			);
			defaultConfigurationIsVisible = 0;
			defaultConfigurationName = Release;
		};
		BF4CDC602286D3DA00178BB8 /* Build configuration list for PBXNativeTarget "ThreeSandOceanTests" */ = {
			isa = XCConfigurationList;
			buildConfigurations = (
				BF4CDC612286D3DA00178BB8 /* Debug */,
				BF4CDC622286D3DA00178BB8 /* Release */,
			);
			defaultConfigurationIsVisible = 0;
			defaultConfigurationName = Release;
		};
		BF4CDC632286D3DA00178BB8 /* Build configuration list for PBXNativeTarget "ThreeSandOceanUITests" */ = {
			isa = XCConfigurationList;
			buildConfigurations = (
				BF4CDC642286D3DA00178BB8 /* Debug */,
				BF4CDC652286D3DA00178BB8 /* Release */,
			);
			defaultConfigurationIsVisible = 0;
			defaultConfigurationName = Release;
		};
/* End XCConfigurationList section */
	};
	rootObject = BF4CDC292286D3D800178BB8 /* Project object */;
}
