// !$*UTF8*$!
{
	archiveVersion = 1;
	classes = {
	};
	objectVersion = 50;
	objects = {

/* Begin PBXBuildFile section */
		BF0231DA228911640017DAC0 /* NSString+category.m in Sources */ = {isa = PBXBuildFile; fileRef = BF0231D6228911640017DAC0 /* NSString+category.m */; };
		BF0231DB228911640017DAC0 /* MYTools.m in Sources */ = {isa = PBXBuildFile; fileRef = BF0231D8228911640017DAC0 /* MYTools.m */; };
		BF0231E2228926A00017DAC0 /* NSDate+category.m in Sources */ = {isa = PBXBuildFile; fileRef = BF0231E1228926A00017DAC0 /* NSDate+category.m */; };
		BF0231E5228971790017DAC0 /* UIImage+category.m in Sources */ = {isa = PBXBuildFile; fileRef = BF0231E4228971790017DAC0 /* UIImage+category.m */; };
		BF02323F228BBB600017DAC0 /* BaseViewController.m in Sources */ = {isa = PBXBuildFile; fileRef = BF02323E228BBB600017DAC0 /* BaseViewController.m */; };
		BF023243228BCD180017DAC0 /* TSOWelcomeViewController.m in Sources */ = {isa = PBXBuildFile; fileRef = BF023242228BCD180017DAC0 /* TSOWelcomeViewController.m */; };
		BF02324A228BF64F0017DAC0 /* TSOWelcomeView.m in Sources */ = {isa = PBXBuildFile; fileRef = BF023249228BF64F0017DAC0 /* TSOWelcomeView.m */; };
		BF02324F228C1E2A0017DAC0 /* TSOLoginViewController.m in Sources */ = {isa = PBXBuildFile; fileRef = BF02324E228C1E2A0017DAC0 /* TSOLoginViewController.m */; };
		BF023252228C3E6D0017DAC0 /* TSOPageControl.m in Sources */ = {isa = PBXBuildFile; fileRef = BF023251228C3E6D0017DAC0 /* TSOPageControl.m */; };
		BF023255228D3E200017DAC0 /* BaseNavViewController.m in Sources */ = {isa = PBXBuildFile; fileRef = BF023254228D3E200017DAC0 /* BaseNavViewController.m */; };
		BF02325B228D44A30017DAC0 /* TSOMainTabBarController.m in Sources */ = {isa = PBXBuildFile; fileRef = BF02325A228D44A30017DAC0 /* TSOMainTabBarController.m */; };
		BF023272228D4DB70017DAC0 /* TSOFisheryViewController.m in Sources */ = {isa = PBXBuildFile; fileRef = BF023271228D4DB70017DAC0 /* TSOFisheryViewController.m */; };
		BF023275228D4E050017DAC0 /* TSOBreedAquaticsViewController.m in Sources */ = {isa = PBXBuildFile; fileRef = BF023274228D4E050017DAC0 /* TSOBreedAquaticsViewController.m */; };
		BF023278228D4E3E0017DAC0 /* TSOFeedViewController.m in Sources */ = {isa = PBXBuildFile; fileRef = BF023277228D4E3E0017DAC0 /* TSOFeedViewController.m */; };
		BF02327B228D4E7D0017DAC0 /* TSOMonitoringViewController.m in Sources */ = {isa = PBXBuildFile; fileRef = BF02327A228D4E7D0017DAC0 /* TSOMonitoringViewController.m */; };
		BF02327E228D4E930017DAC0 /* TSOMineViewController.m in Sources */ = {isa = PBXBuildFile; fileRef = BF02327D228D4E930017DAC0 /* TSOMineViewController.m */; };
		BF023281228D752E0017DAC0 /* TSOMineListView.m in Sources */ = {isa = PBXBuildFile; fileRef = BF023280228D752E0017DAC0 /* TSOMineListView.m */; };
		BF023284228EB77C0017DAC0 /* TSOMoreViewController.m in Sources */ = {isa = PBXBuildFile; fileRef = BF023283228EB77C0017DAC0 /* TSOMoreViewController.m */; };
		BF023287228EB8510017DAC0 /* TSOMoreListView.m in Sources */ = {isa = PBXBuildFile; fileRef = BF023286228EB8510017DAC0 /* TSOMoreListView.m */; };
		BF09362122C0F2A5004BC1D5 /* TSOWangXiangListViewController.m in Sources */ = {isa = PBXBuildFile; fileRef = BF09362022C0F2A5004BC1D5 /* TSOWangXiangListViewController.m */; };
		BF09362422C0F4D1004BC1D5 /* TSOWXListTableViewCell.m in Sources */ = {isa = PBXBuildFile; fileRef = BF09362322C0F4D1004BC1D5 /* TSOWXListTableViewCell.m */; };
		BF09362722C360A4004BC1D5 /* TSOCompleteInfoViewController.m in Sources */ = {isa = PBXBuildFile; fileRef = BF09362622C360A4004BC1D5 /* TSOCompleteInfoViewController.m */; };
		BF09A9C0229B96BC00CC3A4E /* BaseNetwork.m in Sources */ = {isa = PBXBuildFile; fileRef = BF09A9BF229B96BC00CC3A4E /* BaseNetwork.m */; };
		BF09A9D9229BF52800CC3A4E /* BaseWKWebView.m in Sources */ = {isa = PBXBuildFile; fileRef = BF09A9D8229BF52800CC3A4E /* BaseWKWebView.m */; };
		BF4CDC362286D3D800178BB8 /* AppDelegate.m in Sources */ = {isa = PBXBuildFile; fileRef = BF4CDC352286D3D800178BB8 /* AppDelegate.m */; };
		BF4CDC3E2286D3DA00178BB8 /* Assets.xcassets in Resources */ = {isa = PBXBuildFile; fileRef = BF4CDC3D2286D3DA00178BB8 /* Assets.xcassets */; };
		BF4CDC442286D3DA00178BB8 /* main.m in Sources */ = {isa = PBXBuildFile; fileRef = BF4CDC432286D3DA00178BB8 /* main.m */; };
		BF4CDC4E2286D3DA00178BB8 /* ThreeSandOceanTests.m in Sources */ = {isa = PBXBuildFile; fileRef = BF4CDC4D2286D3DA00178BB8 /* ThreeSandOceanTests.m */; };
		BF4CDC592286D3DA00178BB8 /* ThreeSandOceanUITests.m in Sources */ = {isa = PBXBuildFile; fileRef = BF4CDC582286D3DA00178BB8 /* ThreeSandOceanUITests.m */; };
		BF74CF4122924F58003B3275 /* TSOPersonInfoViewController.m in Sources */ = {isa = PBXBuildFile; fileRef = BF74CF4022924F57003B3275 /* TSOPersonInfoViewController.m */; };
		BF74CF44229257E6003B3275 /* TSOPersonInfoListView.m in Sources */ = {isa = PBXBuildFile; fileRef = BF74CF43229257E6003B3275 /* TSOPersonInfoListView.m */; };
		BF7B5EB022B7C5370035F337 /* UIView+category.m in Sources */ = {isa = PBXBuildFile; fileRef = BF7B5EAF22B7C5370035F337 /* UIView+category.m */; };
		BF7B5EB822BB3C440035F337 /* TSOForgetPasswordViewController.m in Sources */ = {isa = PBXBuildFile; fileRef = BF7B5EB722BB3C440035F337 /* TSOForgetPasswordViewController.m */; };
		BF7B5ED822BCB7860035F337 /* File.strings in Resources */ = {isa = PBXBuildFile; fileRef = BF7B5EDA22BCB7860035F337 /* File.strings */; };
		BF866EC422C5B0E200266603 /* fish.gif in Resources */ = {isa = PBXBuildFile; fileRef = BF866EC322C5B0E200266603 /* fish.gif */; };
		BFFFF1D62293DBB000666AD4 /* TSOBreedAquaticsCollectionViewCell.m in Sources */ = {isa = PBXBuildFile; fileRef = BFFFF1D52293DBB000666AD4 /* TSOBreedAquaticsCollectionViewCell.m */; };
		BFFFF1D92293EE6100666AD4 /* TSONetcageDetailViewController.m in Sources */ = {isa = PBXBuildFile; fileRef = BFFFF1D82293EE6100666AD4 /* TSONetcageDetailViewController.m */; };
		BFFFF1DC2293FA5D00666AD4 /* TSOMonitoringCollectionViewCell.m in Sources */ = {isa = PBXBuildFile; fileRef = BFFFF1DB2293FA5D00666AD4 /* TSOMonitoringCollectionViewCell.m */; };
		BFFFF1DF2293FFB400666AD4 /* TSOMonitoringHeaderCollectionReusableView.m in Sources */ = {isa = PBXBuildFile; fileRef = BFFFF1DE2293FFB400666AD4 /* TSOMonitoringHeaderCollectionReusableView.m */; };
		BFFFF1E2229423AC00666AD4 /* TSOAboutUsViewController.m in Sources */ = {isa = PBXBuildFile; fileRef = BFFFF1E1229423AC00666AD4 /* TSOAboutUsViewController.m */; };
		BFFFF1E52294297C00666AD4 /* TSOFeedbackViewController.m in Sources */ = {isa = PBXBuildFile; fileRef = BFFFF1E42294297C00666AD4 /* TSOFeedbackViewController.m */; };
		BFFFF1ED229527E900666AD4 /* UIButton+category.m in Sources */ = {isa = PBXBuildFile; fileRef = BFFFF1EC229527E900666AD4 /* UIButton+category.m */; };
		BFFFF1F2229655F800666AD4 /* TSOFeedMachineCollectionViewCell.m in Sources */ = {isa = PBXBuildFile; fileRef = BFFFF1F1229655F800666AD4 /* TSOFeedMachineCollectionViewCell.m */; };
		BFFFF1F52296575D00666AD4 /* TSOFeedManagerViewController.m in Sources */ = {isa = PBXBuildFile; fileRef = BFFFF1F42296575D00666AD4 /* TSOFeedManagerViewController.m */; };
		BFFFF1F82296748400666AD4 /* TSOFeedDetailViewController.m in Sources */ = {isa = PBXBuildFile; fileRef = BFFFF1F72296748400666AD4 /* TSOFeedDetailViewController.m */; };
		BFFFF1FE2296972D00666AD4 /* TSOFeedHistoryViewController.m in Sources */ = {isa = PBXBuildFile; fileRef = BFFFF1FD2296972D00666AD4 /* TSOFeedHistoryViewController.m */; };
		BFFFF2012296994800666AD4 /* TSOFeedHistoryTableViewCell.m in Sources */ = {isa = PBXBuildFile; fileRef = BFFFF2002296994800666AD4 /* TSOFeedHistoryTableViewCell.m */; };
		BFFFF2042296ADB700666AD4 /* TSOEnvironmentManagerViewController.m in Sources */ = {isa = PBXBuildFile; fileRef = BFFFF2032296ADB700666AD4 /* TSOEnvironmentManagerViewController.m */; };
		BFFFF2072297D7FF00666AD4 /* TSOLogMessageView.m in Sources */ = {isa = PBXBuildFile; fileRef = BFFFF2062297D7FF00666AD4 /* TSOLogMessageView.m */; };
		BFFFF20A2298F9D900666AD4 /* TSORegisterViewController.m in Sources */ = {isa = PBXBuildFile; fileRef = BFFFF2092298F9D900666AD4 /* TSORegisterViewController.m */; };
		D5EBA5DDF5A51EAB18F071CD /* libPods-ThreeSandOcean.a in Frameworks */ = {isa = PBXBuildFile; fileRef = 7FA82C7D5427BEBFFA888139 /* libPods-ThreeSandOcean.a */; };
/* End PBXBuildFile section */

/* Begin PBXContainerItemProxy section */
		BF4CDC4A2286D3DA00178BB8 /* PBXContainerItemProxy */ = {
			isa = PBXContainerItemProxy;
			containerPortal = BF4CDC292286D3D800178BB8 /* Project object */;
			proxyType = 1;
			remoteGlobalIDString = BF4CDC302286D3D800178BB8;
			remoteInfo = ThreeSandOcean;
		};
		BF4CDC552286D3DA00178BB8 /* PBXContainerItemProxy */ = {
			isa = PBXContainerItemProxy;
			containerPortal = BF4CDC292286D3D800178BB8 /* Project object */;
			proxyType = 1;
			remoteGlobalIDString = BF4CDC302286D3D800178BB8;
			remoteInfo = ThreeSandOcean;
		};
/* End PBXContainerItemProxy section */

/* Begin PBXFileReference section */
		02094F273CD0C2396BA247F8 /* Pods-ThreeSandOcean.debug.xcconfig */ = {isa = PBXFileReference; includeInIndex = 1; lastKnownFileType = text.xcconfig; name = "Pods-ThreeSandOcean.debug.xcconfig"; path = "Target Support Files/Pods-ThreeSandOcean/Pods-ThreeSandOcean.debug.xcconfig"; sourceTree = "<group>"; };
		7FA82C7D5427BEBFFA888139 /* libPods-ThreeSandOcean.a */ = {isa = PBXFileReference; explicitFileType = archive.ar; includeInIndex = 0; path = "libPods-ThreeSandOcean.a"; sourceTree = BUILT_PRODUCTS_DIR; };
		BF0231D6228911640017DAC0 /* NSString+category.m */ = {isa = PBXFileReference; fileEncoding = 4; lastKnownFileType = sourcecode.c.objc; path = "NSString+category.m"; sourceTree = "<group>"; };
		BF0231D7228911640017DAC0 /* MYTools.h */ = {isa = PBXFileReference; fileEncoding = 4; lastKnownFileType = sourcecode.c.h; path = MYTools.h; sourceTree = "<group>"; };
		BF0231D8228911640017DAC0 /* MYTools.m */ = {isa = PBXFileReference; fileEncoding = 4; lastKnownFileType = sourcecode.c.objc; path = MYTools.m; sourceTree = "<group>"; };
		BF0231D9228911640017DAC0 /* NSString+category.h */ = {isa = PBXFileReference; fileEncoding = 4; lastKnownFileType = sourcecode.c.h; path = "NSString+category.h"; sourceTree = "<group>"; };
		BF0231E02289269F0017DAC0 /* NSDate+category.h */ = {isa = PBXFileReference; lastKnownFileType = sourcecode.c.h; path = "NSDate+category.h"; sourceTree = "<group>"; };
		BF0231E1228926A00017DAC0 /* NSDate+category.m */ = {isa = PBXFileReference; lastKnownFileType = sourcecode.c.objc; path = "NSDate+category.m"; sourceTree = "<group>"; };
		BF0231E3228971790017DAC0 /* UIImage+category.h */ = {isa = PBXFileReference; lastKnownFileType = sourcecode.c.h; path = "UIImage+category.h"; sourceTree = "<group>"; };
		BF0231E4228971790017DAC0 /* UIImage+category.m */ = {isa = PBXFileReference; lastKnownFileType = sourcecode.c.objc; path = "UIImage+category.m"; sourceTree = "<group>"; };
		BF02323D228BBB600017DAC0 /* BaseViewController.h */ = {isa = PBXFileReference; lastKnownFileType = sourcecode.c.h; path = BaseViewController.h; sourceTree = "<group>"; };
		BF02323E228BBB600017DAC0 /* BaseViewController.m */ = {isa = PBXFileReference; lastKnownFileType = sourcecode.c.objc; path = BaseViewController.m; sourceTree = "<group>"; };
		BF023240228BBFAE0017DAC0 /* WholeSituation.h */ = {isa = PBXFileReference; lastKnownFileType = sourcecode.c.h; path = WholeSituation.h; sourceTree = "<group>"; };
		BF023241228BCD180017DAC0 /* TSOWelcomeViewController.h */ = {isa = PBXFileReference; lastKnownFileType = sourcecode.c.h; path = TSOWelcomeViewController.h; sourceTree = "<group>"; };
		BF023242228BCD180017DAC0 /* TSOWelcomeViewController.m */ = {isa = PBXFileReference; lastKnownFileType = sourcecode.c.objc; path = TSOWelcomeViewController.m; sourceTree = "<group>"; };
		BF023248228BF64F0017DAC0 /* TSOWelcomeView.h */ = {isa = PBXFileReference; lastKnownFileType = sourcecode.c.h; path = TSOWelcomeView.h; sourceTree = "<group>"; };
		BF023249228BF64F0017DAC0 /* TSOWelcomeView.m */ = {isa = PBXFileReference; lastKnownFileType = sourcecode.c.objc; path = TSOWelcomeView.m; sourceTree = "<group>"; };
		BF02324D228C1E2A0017DAC0 /* TSOLoginViewController.h */ = {isa = PBXFileReference; lastKnownFileType = sourcecode.c.h; path = TSOLoginViewController.h; sourceTree = "<group>"; };
		BF02324E228C1E2A0017DAC0 /* TSOLoginViewController.m */ = {isa = PBXFileReference; lastKnownFileType = sourcecode.c.objc; path = TSOLoginViewController.m; sourceTree = "<group>"; };
		BF023250228C3E6D0017DAC0 /* TSOPageControl.h */ = {isa = PBXFileReference; lastKnownFileType = sourcecode.c.h; path = TSOPageControl.h; sourceTree = "<group>"; };
		BF023251228C3E6D0017DAC0 /* TSOPageControl.m */ = {isa = PBXFileReference; lastKnownFileType = sourcecode.c.objc; path = TSOPageControl.m; sourceTree = "<group>"; };
		BF023253228D3E200017DAC0 /* BaseNavViewController.h */ = {isa = PBXFileReference; lastKnownFileType = sourcecode.c.h; path = BaseNavViewController.h; sourceTree = "<group>"; };
		BF023254228D3E200017DAC0 /* BaseNavViewController.m */ = {isa = PBXFileReference; lastKnownFileType = sourcecode.c.objc; path = BaseNavViewController.m; sourceTree = "<group>"; };
		BF023259228D44A30017DAC0 /* TSOMainTabBarController.h */ = {isa = PBXFileReference; lastKnownFileType = sourcecode.c.h; path = TSOMainTabBarController.h; sourceTree = "<group>"; };
		BF02325A228D44A30017DAC0 /* TSOMainTabBarController.m */ = {isa = PBXFileReference; lastKnownFileType = sourcecode.c.objc; path = TSOMainTabBarController.m; sourceTree = "<group>"; };
		BF023270228D4DB70017DAC0 /* TSOFisheryViewController.h */ = {isa = PBXFileReference; lastKnownFileType = sourcecode.c.h; path = TSOFisheryViewController.h; sourceTree = "<group>"; };
		BF023271228D4DB70017DAC0 /* TSOFisheryViewController.m */ = {isa = PBXFileReference; lastKnownFileType = sourcecode.c.objc; path = TSOFisheryViewController.m; sourceTree = "<group>"; };
		BF023273228D4E050017DAC0 /* TSOBreedAquaticsViewController.h */ = {isa = PBXFileReference; lastKnownFileType = sourcecode.c.h; path = TSOBreedAquaticsViewController.h; sourceTree = "<group>"; };
		BF023274228D4E050017DAC0 /* TSOBreedAquaticsViewController.m */ = {isa = PBXFileReference; lastKnownFileType = sourcecode.c.objc; path = TSOBreedAquaticsViewController.m; sourceTree = "<group>"; };
		BF023276228D4E3E0017DAC0 /* TSOFeedViewController.h */ = {isa = PBXFileReference; lastKnownFileType = sourcecode.c.h; path = TSOFeedViewController.h; sourceTree = "<group>"; };
		BF023277228D4E3E0017DAC0 /* TSOFeedViewController.m */ = {isa = PBXFileReference; lastKnownFileType = sourcecode.c.objc; path = TSOFeedViewController.m; sourceTree = "<group>"; };
		BF023279228D4E7D0017DAC0 /* TSOMonitoringViewController.h */ = {isa = PBXFileReference; lastKnownFileType = sourcecode.c.h; path = TSOMonitoringViewController.h; sourceTree = "<group>"; };
		BF02327A228D4E7D0017DAC0 /* TSOMonitoringViewController.m */ = {isa = PBXFileReference; lastKnownFileType = sourcecode.c.objc; path = TSOMonitoringViewController.m; sourceTree = "<group>"; };
		BF02327C228D4E930017DAC0 /* TSOMineViewController.h */ = {isa = PBXFileReference; lastKnownFileType = sourcecode.c.h; path = TSOMineViewController.h; sourceTree = "<group>"; };
		BF02327D228D4E930017DAC0 /* TSOMineViewController.m */ = {isa = PBXFileReference; lastKnownFileType = sourcecode.c.objc; path = TSOMineViewController.m; sourceTree = "<group>"; };
		BF02327F228D752E0017DAC0 /* TSOMineListView.h */ = {isa = PBXFileReference; lastKnownFileType = sourcecode.c.h; path = TSOMineListView.h; sourceTree = "<group>"; };
		BF023280228D752E0017DAC0 /* TSOMineListView.m */ = {isa = PBXFileReference; lastKnownFileType = sourcecode.c.objc; path = TSOMineListView.m; sourceTree = "<group>"; };
		BF023282228EB77C0017DAC0 /* TSOMoreViewController.h */ = {isa = PBXFileReference; lastKnownFileType = sourcecode.c.h; path = TSOMoreViewController.h; sourceTree = "<group>"; };
		BF023283228EB77C0017DAC0 /* TSOMoreViewController.m */ = {isa = PBXFileReference; lastKnownFileType = sourcecode.c.objc; path = TSOMoreViewController.m; sourceTree = "<group>"; };
		BF023285228EB8510017DAC0 /* TSOMoreListView.h */ = {isa = PBXFileReference; lastKnownFileType = sourcecode.c.h; path = TSOMoreListView.h; sourceTree = "<group>"; };
		BF023286228EB8510017DAC0 /* TSOMoreListView.m */ = {isa = PBXFileReference; lastKnownFileType = sourcecode.c.objc; path = TSOMoreListView.m; sourceTree = "<group>"; };
		BF09361F22C0F2A5004BC1D5 /* TSOWangXiangListViewController.h */ = {isa = PBXFileReference; lastKnownFileType = sourcecode.c.h; path = TSOWangXiangListViewController.h; sourceTree = "<group>"; };
		BF09362022C0F2A5004BC1D5 /* TSOWangXiangListViewController.m */ = {isa = PBXFileReference; lastKnownFileType = sourcecode.c.objc; path = TSOWangXiangListViewController.m; sourceTree = "<group>"; };
		BF09362222C0F4D1004BC1D5 /* TSOWXListTableViewCell.h */ = {isa = PBXFileReference; lastKnownFileType = sourcecode.c.h; path = TSOWXListTableViewCell.h; sourceTree = "<group>"; };
		BF09362322C0F4D1004BC1D5 /* TSOWXListTableViewCell.m */ = {isa = PBXFileReference; lastKnownFileType = sourcecode.c.objc; path = TSOWXListTableViewCell.m; sourceTree = "<group>"; };
		BF09362522C360A4004BC1D5 /* TSOCompleteInfoViewController.h */ = {isa = PBXFileReference; lastKnownFileType = sourcecode.c.h; path = TSOCompleteInfoViewController.h; sourceTree = "<group>"; };
		BF09362622C360A4004BC1D5 /* TSOCompleteInfoViewController.m */ = {isa = PBXFileReference; lastKnownFileType = sourcecode.c.objc; path = TSOCompleteInfoViewController.m; sourceTree = "<group>"; };
		BF09A9BE229B96BC00CC3A4E /* BaseNetwork.h */ = {isa = PBXFileReference; lastKnownFileType = sourcecode.c.h; path = BaseNetwork.h; sourceTree = "<group>"; };
		BF09A9BF229B96BC00CC3A4E /* BaseNetwork.m */ = {isa = PBXFileReference; lastKnownFileType = sourcecode.c.objc; path = BaseNetwork.m; sourceTree = "<group>"; };
		BF09A9D6229BF12B00CC3A4E /* HttpUrlHeader.h */ = {isa = PBXFileReference; lastKnownFileType = sourcecode.c.h; path = HttpUrlHeader.h; sourceTree = "<group>"; };
		BF09A9D7229BF52800CC3A4E /* BaseWKWebView.h */ = {isa = PBXFileReference; lastKnownFileType = sourcecode.c.h; path = BaseWKWebView.h; sourceTree = "<group>"; };
		BF09A9D8229BF52800CC3A4E /* BaseWKWebView.m */ = {isa = PBXFileReference; lastKnownFileType = sourcecode.c.objc; path = BaseWKWebView.m; sourceTree = "<group>"; };
		BF4CDC312286D3D800178BB8 /* ThreeSandOcean.app */ = {isa = PBXFileReference; explicitFileType = wrapper.application; includeInIndex = 0; path = ThreeSandOcean.app; sourceTree = BUILT_PRODUCTS_DIR; };
		BF4CDC342286D3D800178BB8 /* AppDelegate.h */ = {isa = PBXFileReference; lastKnownFileType = sourcecode.c.h; path = AppDelegate.h; sourceTree = "<group>"; };
		BF4CDC352286D3D800178BB8 /* AppDelegate.m */ = {isa = PBXFileReference; lastKnownFileType = sourcecode.c.objc; path = AppDelegate.m; sourceTree = "<group>"; };
		BF4CDC3D2286D3DA00178BB8 /* Assets.xcassets */ = {isa = PBXFileReference; lastKnownFileType = folder.assetcatalog; path = Assets.xcassets; sourceTree = "<group>"; };
		BF4CDC422286D3DA00178BB8 /* Info.plist */ = {isa = PBXFileReference; lastKnownFileType = text.plist.xml; path = Info.plist; sourceTree = "<group>"; };
		BF4CDC432286D3DA00178BB8 /* main.m */ = {isa = PBXFileReference; lastKnownFileType = sourcecode.c.objc; path = main.m; sourceTree = "<group>"; };
		BF4CDC492286D3DA00178BB8 /* ThreeSandOceanTests.xctest */ = {isa = PBXFileReference; explicitFileType = wrapper.cfbundle; includeInIndex = 0; path = ThreeSandOceanTests.xctest; sourceTree = BUILT_PRODUCTS_DIR; };
		BF4CDC4D2286D3DA00178BB8 /* ThreeSandOceanTests.m */ = {isa = PBXFileReference; lastKnownFileType = sourcecode.c.objc; path = ThreeSandOceanTests.m; sourceTree = "<group>"; };
		BF4CDC4F2286D3DA00178BB8 /* Info.plist */ = {isa = PBXFileReference; lastKnownFileType = text.plist.xml; path = Info.plist; sourceTree = "<group>"; };
		BF4CDC542286D3DA00178BB8 /* ThreeSandOceanUITests.xctest */ = {isa = PBXFileReference; explicitFileType = wrapper.cfbundle; includeInIndex = 0; path = ThreeSandOceanUITests.xctest; sourceTree = BUILT_PRODUCTS_DIR; };
		BF4CDC582286D3DA00178BB8 /* ThreeSandOceanUITests.m */ = {isa = PBXFileReference; lastKnownFileType = sourcecode.c.objc; path = ThreeSandOceanUITests.m; sourceTree = "<group>"; };
		BF4CDC5A2286D3DA00178BB8 /* Info.plist */ = {isa = PBXFileReference; lastKnownFileType = text.plist.xml; path = Info.plist; sourceTree = "<group>"; };
		BF4CDC672286DAA900178BB8 /* LYHPrefixHeader.pch */ = {isa = PBXFileReference; lastKnownFileType = sourcecode.c.h; path = LYHPrefixHeader.pch; sourceTree = "<group>"; };
		BF74CF3F22924F57003B3275 /* TSOPersonInfoViewController.h */ = {isa = PBXFileReference; lastKnownFileType = sourcecode.c.h; path = TSOPersonInfoViewController.h; sourceTree = "<group>"; };
		BF74CF4022924F57003B3275 /* TSOPersonInfoViewController.m */ = {isa = PBXFileReference; lastKnownFileType = sourcecode.c.objc; path = TSOPersonInfoViewController.m; sourceTree = "<group>"; };
		BF74CF42229257E6003B3275 /* TSOPersonInfoListView.h */ = {isa = PBXFileReference; lastKnownFileType = sourcecode.c.h; path = TSOPersonInfoListView.h; sourceTree = "<group>"; };
		BF74CF43229257E6003B3275 /* TSOPersonInfoListView.m */ = {isa = PBXFileReference; lastKnownFileType = sourcecode.c.objc; path = TSOPersonInfoListView.m; sourceTree = "<group>"; };
		BF7B5EAE22B7C5370035F337 /* UIView+category.h */ = {isa = PBXFileReference; lastKnownFileType = sourcecode.c.h; path = "UIView+category.h"; sourceTree = "<group>"; };
		BF7B5EAF22B7C5370035F337 /* UIView+category.m */ = {isa = PBXFileReference; lastKnownFileType = sourcecode.c.objc; path = "UIView+category.m"; sourceTree = "<group>"; };
		BF7B5EB622BB3C440035F337 /* TSOForgetPasswordViewController.h */ = {isa = PBXFileReference; lastKnownFileType = sourcecode.c.h; path = TSOForgetPasswordViewController.h; sourceTree = "<group>"; };
		BF7B5EB722BB3C440035F337 /* TSOForgetPasswordViewController.m */ = {isa = PBXFileReference; lastKnownFileType = sourcecode.c.objc; path = TSOForgetPasswordViewController.m; sourceTree = "<group>"; };
		BF7B5ED922BCB7860035F337 /* en */ = {isa = PBXFileReference; lastKnownFileType = text.plist.strings; name = en; path = en.lproj/File.strings; sourceTree = "<group>"; };
		BF7B5EDB22BCB7A50035F337 /* zh-Hans */ = {isa = PBXFileReference; lastKnownFileType = text.plist.strings; name = "zh-Hans"; path = "zh-Hans.lproj/File.strings"; sourceTree = "<group>"; };
		BF866EC322C5B0E200266603 /* fish.gif */ = {isa = PBXFileReference; lastKnownFileType = image.gif; path = fish.gif; sourceTree = "<group>"; };
		BFFFF1D42293DBB000666AD4 /* TSOBreedAquaticsCollectionViewCell.h */ = {isa = PBXFileReference; lastKnownFileType = sourcecode.c.h; path = TSOBreedAquaticsCollectionViewCell.h; sourceTree = "<group>"; };
		BFFFF1D52293DBB000666AD4 /* TSOBreedAquaticsCollectionViewCell.m */ = {isa = PBXFileReference; lastKnownFileType = sourcecode.c.objc; path = TSOBreedAquaticsCollectionViewCell.m; sourceTree = "<group>"; };
		BFFFF1D72293EE6100666AD4 /* TSONetcageDetailViewController.h */ = {isa = PBXFileReference; lastKnownFileType = sourcecode.c.h; path = TSONetcageDetailViewController.h; sourceTree = "<group>"; };
		BFFFF1D82293EE6100666AD4 /* TSONetcageDetailViewController.m */ = {isa = PBXFileReference; lastKnownFileType = sourcecode.c.objc; path = TSONetcageDetailViewController.m; sourceTree = "<group>"; };
		BFFFF1DA2293FA5D00666AD4 /* TSOMonitoringCollectionViewCell.h */ = {isa = PBXFileReference; lastKnownFileType = sourcecode.c.h; path = TSOMonitoringCollectionViewCell.h; sourceTree = "<group>"; };
		BFFFF1DB2293FA5D00666AD4 /* TSOMonitoringCollectionViewCell.m */ = {isa = PBXFileReference; lastKnownFileType = sourcecode.c.objc; path = TSOMonitoringCollectionViewCell.m; sourceTree = "<group>"; };
		BFFFF1DD2293FFB400666AD4 /* TSOMonitoringHeaderCollectionReusableView.h */ = {isa = PBXFileReference; lastKnownFileType = sourcecode.c.h; path = TSOMonitoringHeaderCollectionReusableView.h; sourceTree = "<group>"; };
		BFFFF1DE2293FFB400666AD4 /* TSOMonitoringHeaderCollectionReusableView.m */ = {isa = PBXFileReference; lastKnownFileType = sourcecode.c.objc; path = TSOMonitoringHeaderCollectionReusableView.m; sourceTree = "<group>"; };
		BFFFF1E0229423AC00666AD4 /* TSOAboutUsViewController.h */ = {isa = PBXFileReference; lastKnownFileType = sourcecode.c.h; path = TSOAboutUsViewController.h; sourceTree = "<group>"; };
		BFFFF1E1229423AC00666AD4 /* TSOAboutUsViewController.m */ = {isa = PBXFileReference; lastKnownFileType = sourcecode.c.objc; path = TSOAboutUsViewController.m; sourceTree = "<group>"; };
		BFFFF1E32294297C00666AD4 /* TSOFeedbackViewController.h */ = {isa = PBXFileReference; lastKnownFileType = sourcecode.c.h; path = TSOFeedbackViewController.h; sourceTree = "<group>"; };
		BFFFF1E42294297C00666AD4 /* TSOFeedbackViewController.m */ = {isa = PBXFileReference; lastKnownFileType = sourcecode.c.objc; path = TSOFeedbackViewController.m; sourceTree = "<group>"; };
		BFFFF1EB229527E900666AD4 /* UIButton+category.h */ = {isa = PBXFileReference; lastKnownFileType = sourcecode.c.h; path = "UIButton+category.h"; sourceTree = "<group>"; };
		BFFFF1EC229527E900666AD4 /* UIButton+category.m */ = {isa = PBXFileReference; lastKnownFileType = sourcecode.c.objc; path = "UIButton+category.m"; sourceTree = "<group>"; };
		BFFFF1F0229655F800666AD4 /* TSOFeedMachineCollectionViewCell.h */ = {isa = PBXFileReference; lastKnownFileType = sourcecode.c.h; path = TSOFeedMachineCollectionViewCell.h; sourceTree = "<group>"; };
		BFFFF1F1229655F800666AD4 /* TSOFeedMachineCollectionViewCell.m */ = {isa = PBXFileReference; lastKnownFileType = sourcecode.c.objc; path = TSOFeedMachineCollectionViewCell.m; sourceTree = "<group>"; };
		BFFFF1F32296575D00666AD4 /* TSOFeedManagerViewController.h */ = {isa = PBXFileReference; lastKnownFileType = sourcecode.c.h; path = TSOFeedManagerViewController.h; sourceTree = "<group>"; };
		BFFFF1F42296575D00666AD4 /* TSOFeedManagerViewController.m */ = {isa = PBXFileReference; lastKnownFileType = sourcecode.c.objc; path = TSOFeedManagerViewController.m; sourceTree = "<group>"; };
		BFFFF1F62296748400666AD4 /* TSOFeedDetailViewController.h */ = {isa = PBXFileReference; lastKnownFileType = sourcecode.c.h; path = TSOFeedDetailViewController.h; sourceTree = "<group>"; };
		BFFFF1F72296748400666AD4 /* TSOFeedDetailViewController.m */ = {isa = PBXFileReference; lastKnownFileType = sourcecode.c.objc; path = TSOFeedDetailViewController.m; sourceTree = "<group>"; };
		BFFFF1FC2296972D00666AD4 /* TSOFeedHistoryViewController.h */ = {isa = PBXFileReference; lastKnownFileType = sourcecode.c.h; path = TSOFeedHistoryViewController.h; sourceTree = "<group>"; };
		BFFFF1FD2296972D00666AD4 /* TSOFeedHistoryViewController.m */ = {isa = PBXFileReference; lastKnownFileType = sourcecode.c.objc; path = TSOFeedHistoryViewController.m; sourceTree = "<group>"; };
		BFFFF1FF2296994800666AD4 /* TSOFeedHistoryTableViewCell.h */ = {isa = PBXFileReference; lastKnownFileType = sourcecode.c.h; path = TSOFeedHistoryTableViewCell.h; sourceTree = "<group>"; };
		BFFFF2002296994800666AD4 /* TSOFeedHistoryTableViewCell.m */ = {isa = PBXFileReference; lastKnownFileType = sourcecode.c.objc; path = TSOFeedHistoryTableViewCell.m; sourceTree = "<group>"; };
		BFFFF2022296ADB700666AD4 /* TSOEnvironmentManagerViewController.h */ = {isa = PBXFileReference; lastKnownFileType = sourcecode.c.h; path = TSOEnvironmentManagerViewController.h; sourceTree = "<group>"; };
		BFFFF2032296ADB700666AD4 /* TSOEnvironmentManagerViewController.m */ = {isa = PBXFileReference; lastKnownFileType = sourcecode.c.objc; path = TSOEnvironmentManagerViewController.m; sourceTree = "<group>"; };
		BFFFF2052297D7FF00666AD4 /* TSOLogMessageView.h */ = {isa = PBXFileReference; lastKnownFileType = sourcecode.c.h; path = TSOLogMessageView.h; sourceTree = "<group>"; };
		BFFFF2062297D7FF00666AD4 /* TSOLogMessageView.m */ = {isa = PBXFileReference; lastKnownFileType = sourcecode.c.objc; path = TSOLogMessageView.m; sourceTree = "<group>"; };
		BFFFF2082298F9D900666AD4 /* TSORegisterViewController.h */ = {isa = PBXFileReference; lastKnownFileType = sourcecode.c.h; path = TSORegisterViewController.h; sourceTree = "<group>"; };
		BFFFF2092298F9D900666AD4 /* TSORegisterViewController.m */ = {isa = PBXFileReference; lastKnownFileType = sourcecode.c.objc; path = TSORegisterViewController.m; sourceTree = "<group>"; };
		E9F4658823746F7C218C944F /* Pods-ThreeSandOcean.release.xcconfig */ = {isa = PBXFileReference; includeInIndex = 1; lastKnownFileType = text.xcconfig; name = "Pods-ThreeSandOcean.release.xcconfig"; path = "Target Support Files/Pods-ThreeSandOcean/Pods-ThreeSandOcean.release.xcconfig"; sourceTree = "<group>"; };
/* End PBXFileReference section */

/* Begin PBXFrameworksBuildPhase section */
		BF4CDC2E2286D3D800178BB8 /* Frameworks */ = {
			isa = PBXFrameworksBuildPhase;
			buildActionMask = 2147483647;
			files = (
				D5EBA5DDF5A51EAB18F071CD /* libPods-ThreeSandOcean.a in Frameworks */,
			);
			runOnlyForDeploymentPostprocessing = 0;
		};
		BF4CDC462286D3DA00178BB8 /* Frameworks */ = {
			isa = PBXFrameworksBuildPhase;
			buildActionMask = 2147483647;
			files = (
			);
			runOnlyForDeploymentPostprocessing = 0;
		};
		BF4CDC512286D3DA00178BB8 /* Frameworks */ = {
			isa = PBXFrameworksBuildPhase;
			buildActionMask = 2147483647;
			files = (
			);
			runOnlyForDeploymentPostprocessing = 0;
		};
/* End PBXFrameworksBuildPhase section */

/* Begin PBXGroup section */
		1202EE958DE9617859EB7ABA /* Pods */ = {
			isa = PBXGroup;
			children = (
				02094F273CD0C2396BA247F8 /* Pods-ThreeSandOcean.debug.xcconfig */,
				E9F4658823746F7C218C944F /* Pods-ThreeSandOcean.release.xcconfig */,
			);
			path = Pods;
			sourceTree = "<group>";
		};
		71C62828338AA1EDD98C120B /* Frameworks */ = {
			isa = PBXGroup;
			children = (
				7FA82C7D5427BEBFFA888139 /* libPods-ThreeSandOcean.a */,
			);
			name = Frameworks;
			sourceTree = "<group>";
		};
		BF0231DC228911BB0017DAC0 /* tools */ = {
			isa = PBXGroup;
			children = (
				BF866EC322C5B0E200266603 /* fish.gif */,
				BF4CDC672286DAA900178BB8 /* LYHPrefixHeader.pch */,
				BF023240228BBFAE0017DAC0 /* WholeSituation.h */,
				BF09A9D6229BF12B00CC3A4E /* HttpUrlHeader.h */,
				BF0231D7228911640017DAC0 /* MYTools.h */,
				BF0231D8228911640017DAC0 /* MYTools.m */,
				BF0231D9228911640017DAC0 /* NSString+category.h */,
				BF0231D6228911640017DAC0 /* NSString+category.m */,
				BF0231E02289269F0017DAC0 /* NSDate+category.h */,
				BF0231E1228926A00017DAC0 /* NSDate+category.m */,
				BF0231E3228971790017DAC0 /* UIImage+category.h */,
				BF0231E4228971790017DAC0 /* UIImage+category.m */,
				BFFFF1EB229527E900666AD4 /* UIButton+category.h */,
				BFFFF1EC229527E900666AD4 /* UIButton+category.m */,
				BF02323D228BBB600017DAC0 /* BaseViewController.h */,
				BF02323E228BBB600017DAC0 /* BaseViewController.m */,
				BF023253228D3E200017DAC0 /* BaseNavViewController.h */,
				BF023254228D3E200017DAC0 /* BaseNavViewController.m */,
				BF09A9BE229B96BC00CC3A4E /* BaseNetwork.h */,
				BF09A9BF229B96BC00CC3A4E /* BaseNetwork.m */,
				BF09A9D7229BF52800CC3A4E /* BaseWKWebView.h */,
				BF09A9D8229BF52800CC3A4E /* BaseWKWebView.m */,
				BF7B5EAE22B7C5370035F337 /* UIView+category.h */,
				BF7B5EAF22B7C5370035F337 /* UIView+category.m */,
			);
			path = tools;
			sourceTree = "<group>";
		};
		BF02323C228BBA580017DAC0 /* Login */ = {
			isa = PBXGroup;
			children = (
				BF023244228BF4D90017DAC0 /* Controller */,
				BF023245228BF5010017DAC0 /* View */,
				BF023246228BF5250017DAC0 /* Model */,
			);
			path = Login;
			sourceTree = "<group>";
		};
		BF023244228BF4D90017DAC0 /* Controller */ = {
			isa = PBXGroup;
			children = (
				BF023241228BCD180017DAC0 /* TSOWelcomeViewController.h */,
				BF023242228BCD180017DAC0 /* TSOWelcomeViewController.m */,
				BF02324D228C1E2A0017DAC0 /* TSOLoginViewController.h */,
				BF02324E228C1E2A0017DAC0 /* TSOLoginViewController.m */,
				BFFFF2082298F9D900666AD4 /* TSORegisterViewController.h */,
				BFFFF2092298F9D900666AD4 /* TSORegisterViewController.m */,
				BF7B5EB622BB3C440035F337 /* TSOForgetPasswordViewController.h */,
				BF7B5EB722BB3C440035F337 /* TSOForgetPasswordViewController.m */,
				BF09362522C360A4004BC1D5 /* TSOCompleteInfoViewController.h */,
				BF09362622C360A4004BC1D5 /* TSOCompleteInfoViewController.m */,
			);
			path = Controller;
			sourceTree = "<group>";
		};
		BF023245228BF5010017DAC0 /* View */ = {
			isa = PBXGroup;
			children = (
				BF023248228BF64F0017DAC0 /* TSOWelcomeView.h */,
				BF023249228BF64F0017DAC0 /* TSOWelcomeView.m */,
				BF023250228C3E6D0017DAC0 /* TSOPageControl.h */,
				BF023251228C3E6D0017DAC0 /* TSOPageControl.m */,
			);
			path = View;
			sourceTree = "<group>";
		};
		BF023246228BF5250017DAC0 /* Model */ = {
			isa = PBXGroup;
			children = (
			);
			path = Model;
			sourceTree = "<group>";
		};
		BF023247228BF5B30017DAC0 /* Supporting Files */ = {
			isa = PBXGroup;
			children = (
			);
			path = "Supporting Files";
			sourceTree = "<group>";
		};
		BF02325C228D48940017DAC0 /* Fishery */ = {
			isa = PBXGroup;
			children = (
				BF023261228D4BD60017DAC0 /* Controller */,
				BF023262228D4C040017DAC0 /* View */,
				BF023263228D4C120017DAC0 /* Model */,
			);
			path = Fishery;
			sourceTree = "<group>";
		};
		BF02325D228D49280017DAC0 /* BreedAquatics */ = {
			isa = PBXGroup;
			children = (
				BF023264228D4C220017DAC0 /* Controller */,
				BF023265228D4CDD0017DAC0 /* View */,
				BF023266228D4CE50017DAC0 /* Model */,
			);
			path = BreedAquatics;
			sourceTree = "<group>";
		};
		BF02325E228D49A30017DAC0 /* Feed */ = {
			isa = PBXGroup;
			children = (
				BF023267228D4CFD0017DAC0 /* Controller */,
				BF023268228D4D070017DAC0 /* View */,
				BF023269228D4D0D0017DAC0 /* Model */,
			);
			path = Feed;
			sourceTree = "<group>";
		};
		BF02325F228D4A260017DAC0 /* Monitoring */ = {
			isa = PBXGroup;
			children = (
				BF02326A228D4D1A0017DAC0 /* Controller */,
				BF02326B228D4D240017DAC0 /* View */,
				BF02326C228D4D2C0017DAC0 /* Model */,
			);
			path = Monitoring;
			sourceTree = "<group>";
		};
		BF023260228D4A610017DAC0 /* Mine */ = {
			isa = PBXGroup;
			children = (
				BF02326D228D4D360017DAC0 /* Controller */,
				BF02326E228D4D480017DAC0 /* View */,
				BF02326F228D4D550017DAC0 /* Model */,
			);
			path = Mine;
			sourceTree = "<group>";
		};
		BF023261228D4BD60017DAC0 /* Controller */ = {
			isa = PBXGroup;
			children = (
				BF023270228D4DB70017DAC0 /* TSOFisheryViewController.h */,
				BF023271228D4DB70017DAC0 /* TSOFisheryViewController.m */,
				BFFFF1F32296575D00666AD4 /* TSOFeedManagerViewController.h */,
				BFFFF1F42296575D00666AD4 /* TSOFeedManagerViewController.m */,
				BFFFF1F62296748400666AD4 /* TSOFeedDetailViewController.h */,
				BFFFF1F72296748400666AD4 /* TSOFeedDetailViewController.m */,
				BFFFF1FC2296972D00666AD4 /* TSOFeedHistoryViewController.h */,
				BFFFF1FD2296972D00666AD4 /* TSOFeedHistoryViewController.m */,
				BFFFF2022296ADB700666AD4 /* TSOEnvironmentManagerViewController.h */,
				BFFFF2032296ADB700666AD4 /* TSOEnvironmentManagerViewController.m */,
			);
			path = Controller;
			sourceTree = "<group>";
		};
		BF023262228D4C040017DAC0 /* View */ = {
			isa = PBXGroup;
			children = (
				BFFFF1F0229655F800666AD4 /* TSOFeedMachineCollectionViewCell.h */,
				BFFFF1F1229655F800666AD4 /* TSOFeedMachineCollectionViewCell.m */,
				BFFFF1FF2296994800666AD4 /* TSOFeedHistoryTableViewCell.h */,
				BFFFF2002296994800666AD4 /* TSOFeedHistoryTableViewCell.m */,
				BFFFF2052297D7FF00666AD4 /* TSOLogMessageView.h */,
				BFFFF2062297D7FF00666AD4 /* TSOLogMessageView.m */,
			);
			path = View;
			sourceTree = "<group>";
		};
		BF023263228D4C120017DAC0 /* Model */ = {
			isa = PBXGroup;
			children = (
			);
			path = Model;
			sourceTree = "<group>";
		};
		BF023264228D4C220017DAC0 /* Controller */ = {
			isa = PBXGroup;
			children = (
				BF023273228D4E050017DAC0 /* TSOBreedAquaticsViewController.h */,
				BF023274228D4E050017DAC0 /* TSOBreedAquaticsViewController.m */,
				BFFFF1D72293EE6100666AD4 /* TSONetcageDetailViewController.h */,
				BFFFF1D82293EE6100666AD4 /* TSONetcageDetailViewController.m */,
			);
			path = Controller;
			sourceTree = "<group>";
		};
		BF023265228D4CDD0017DAC0 /* View */ = {
			isa = PBXGroup;
			children = (
				BFFFF1D42293DBB000666AD4 /* TSOBreedAquaticsCollectionViewCell.h */,
				BFFFF1D52293DBB000666AD4 /* TSOBreedAquaticsCollectionViewCell.m */,
			);
			path = View;
			sourceTree = "<group>";
		};
		BF023266228D4CE50017DAC0 /* Model */ = {
			isa = PBXGroup;
			children = (
			);
			path = Model;
			sourceTree = "<group>";
		};
		BF023267228D4CFD0017DAC0 /* Controller */ = {
			isa = PBXGroup;
			children = (
				BF023276228D4E3E0017DAC0 /* TSOFeedViewController.h */,
				BF023277228D4E3E0017DAC0 /* TSOFeedViewController.m */,
			);
			path = Controller;
			sourceTree = "<group>";
		};
		BF023268228D4D070017DAC0 /* View */ = {
			isa = PBXGroup;
			children = (
			);
			path = View;
			sourceTree = "<group>";
		};
		BF023269228D4D0D0017DAC0 /* Model */ = {
			isa = PBXGroup;
			children = (
			);
			path = Model;
			sourceTree = "<group>";
		};
		BF02326A228D4D1A0017DAC0 /* Controller */ = {
			isa = PBXGroup;
			children = (
				BF023279228D4E7D0017DAC0 /* TSOMonitoringViewController.h */,
				BF02327A228D4E7D0017DAC0 /* TSOMonitoringViewController.m */,
				BF09361F22C0F2A5004BC1D5 /* TSOWangXiangListViewController.h */,
				BF09362022C0F2A5004BC1D5 /* TSOWangXiangListViewController.m */,
			);
			path = Controller;
			sourceTree = "<group>";
		};
		BF02326B228D4D240017DAC0 /* View */ = {
			isa = PBXGroup;
			children = (
				BFFFF1DA2293FA5D00666AD4 /* TSOMonitoringCollectionViewCell.h */,
				BFFFF1DB2293FA5D00666AD4 /* TSOMonitoringCollectionViewCell.m */,
				BFFFF1DD2293FFB400666AD4 /* TSOMonitoringHeaderCollectionReusableView.h */,
				BFFFF1DE2293FFB400666AD4 /* TSOMonitoringHeaderCollectionReusableView.m */,
				BF09362222C0F4D1004BC1D5 /* TSOWXListTableViewCell.h */,
				BF09362322C0F4D1004BC1D5 /* TSOWXListTableViewCell.m */,
			);
			path = View;
			sourceTree = "<group>";
		};
		BF02326C228D4D2C0017DAC0 /* Model */ = {
			isa = PBXGroup;
			children = (
			);
			path = Model;
			sourceTree = "<group>";
		};
		BF02326D228D4D360017DAC0 /* Controller */ = {
			isa = PBXGroup;
			children = (
				BF02327C228D4E930017DAC0 /* TSOMineViewController.h */,
				BF02327D228D4E930017DAC0 /* TSOMineViewController.m */,
				BF023282228EB77C0017DAC0 /* TSOMoreViewController.h */,
				BF023283228EB77C0017DAC0 /* TSOMoreViewController.m */,
				BF74CF3F22924F57003B3275 /* TSOPersonInfoViewController.h */,
				BF74CF4022924F57003B3275 /* TSOPersonInfoViewController.m */,
				BFFFF1E0229423AC00666AD4 /* TSOAboutUsViewController.h */,
				BFFFF1E1229423AC00666AD4 /* TSOAboutUsViewController.m */,
				BFFFF1E32294297C00666AD4 /* TSOFeedbackViewController.h */,
				BFFFF1E42294297C00666AD4 /* TSOFeedbackViewController.m */,
			);
			path = Controller;
			sourceTree = "<group>";
		};
		BF02326E228D4D480017DAC0 /* View */ = {
			isa = PBXGroup;
			children = (
				BF02327F228D752E0017DAC0 /* TSOMineListView.h */,
				BF023280228D752E0017DAC0 /* TSOMineListView.m */,
				BF023285228EB8510017DAC0 /* TSOMoreListView.h */,
				BF023286228EB8510017DAC0 /* TSOMoreListView.m */,
				BF74CF42229257E6003B3275 /* TSOPersonInfoListView.h */,
				BF74CF43229257E6003B3275 /* TSOPersonInfoListView.m */,
			);
			path = View;
			sourceTree = "<group>";
		};
		BF02326F228D4D550017DAC0 /* Model */ = {
			isa = PBXGroup;
			children = (
			);
			path = Model;
			sourceTree = "<group>";
		};
		BF4CDC282286D3D800178BB8 = {
			isa = PBXGroup;
			children = (
				BF4CDC332286D3D800178BB8 /* ThreeSandOcean */,
				BF4CDC4C2286D3DA00178BB8 /* ThreeSandOceanTests */,
				BF4CDC572286D3DA00178BB8 /* ThreeSandOceanUITests */,
				BF4CDC322286D3D800178BB8 /* Products */,
				1202EE958DE9617859EB7ABA /* Pods */,
				71C62828338AA1EDD98C120B /* Frameworks */,
			);
			sourceTree = "<group>";
		};
		BF4CDC322286D3D800178BB8 /* Products */ = {
			isa = PBXGroup;
			children = (
				BF4CDC312286D3D800178BB8 /* ThreeSandOcean.app */,
				BF4CDC492286D3DA00178BB8 /* ThreeSandOceanTests.xctest */,
				BF4CDC542286D3DA00178BB8 /* ThreeSandOceanUITests.xctest */,
			);
			name = Products;
			sourceTree = "<group>";
		};
		BF4CDC332286D3D800178BB8 /* ThreeSandOcean */ = {
			isa = PBXGroup;
			children = (
				BF0231DC228911BB0017DAC0 /* tools */,
				BF02323C228BBA580017DAC0 /* Login */,
				BF02325C228D48940017DAC0 /* Fishery */,
				BF02325D228D49280017DAC0 /* BreedAquatics */,
				BF02325E228D49A30017DAC0 /* Feed */,
				BF02325F228D4A260017DAC0 /* Monitoring */,
				BF023260228D4A610017DAC0 /* Mine */,
				BF4CDC342286D3D800178BB8 /* AppDelegate.h */,
				BF4CDC352286D3D800178BB8 /* AppDelegate.m */,
				BF023259228D44A30017DAC0 /* TSOMainTabBarController.h */,
				BF02325A228D44A30017DAC0 /* TSOMainTabBarController.m */,
				BF4CDC3D2286D3DA00178BB8 /* Assets.xcassets */,
				BF4CDC422286D3DA00178BB8 /* Info.plist */,
				BF7B5EDA22BCB7860035F337 /* File.strings */,
				BF4CDC432286D3DA00178BB8 /* main.m */,
				BF023247228BF5B30017DAC0 /* Supporting Files */,
			);
			path = ThreeSandOcean;
			sourceTree = "<group>";
		};
		BF4CDC4C2286D3DA00178BB8 /* ThreeSandOceanTests */ = {
			isa = PBXGroup;
			children = (
				BF4CDC4D2286D3DA00178BB8 /* ThreeSandOceanTests.m */,
				BF4CDC4F2286D3DA00178BB8 /* Info.plist */,
			);
			path = ThreeSandOceanTests;
			sourceTree = "<group>";
		};
		BF4CDC572286D3DA00178BB8 /* ThreeSandOceanUITests */ = {
			isa = PBXGroup;
			children = (
				BF4CDC582286D3DA00178BB8 /* ThreeSandOceanUITests.m */,
				BF4CDC5A2286D3DA00178BB8 /* Info.plist */,
			);
			path = ThreeSandOceanUITests;
			sourceTree = "<group>";
		};
/* End PBXGroup section */

/* Begin PBXNativeTarget section */
		BF4CDC302286D3D800178BB8 /* ThreeSandOcean */ = {
			isa = PBXNativeTarget;
			buildConfigurationList = BF4CDC5D2286D3DA00178BB8 /* Build configuration list for PBXNativeTarget "ThreeSandOcean" */;
			buildPhases = (
				B6D280B2544F8C1F67C82F9A /* [CP] Check Pods Manifest.lock */,
				BF4CDC2D2286D3D800178BB8 /* Sources */,
				BF4CDC2E2286D3D800178BB8 /* Frameworks */,
				BF4CDC2F2286D3D800178BB8 /* Resources */,
				00749A3D8FC6B303E33DF740 /* [CP] Copy Pods Resources */,
				BF09A9DA229D128A00CC3A4E /* ShellScript */,
			);
			buildRules = (
			);
			dependencies = (
			);
			name = ThreeSandOcean;
			productName = ThreeSandOcean;
			productReference = BF4CDC312286D3D800178BB8 /* ThreeSandOcean.app */;
			productType = "com.apple.product-type.application";
		};
		BF4CDC482286D3DA00178BB8 /* ThreeSandOceanTests */ = {
			isa = PBXNativeTarget;
			buildConfigurationList = BF4CDC602286D3DA00178BB8 /* Build configuration list for PBXNativeTarget "ThreeSandOceanTests" */;
			buildPhases = (
				BF4CDC452286D3DA00178BB8 /* Sources */,
				BF4CDC462286D3DA00178BB8 /* Frameworks */,
				BF4CDC472286D3DA00178BB8 /* Resources */,
			);
			buildRules = (
			);
			dependencies = (
				BF4CDC4B2286D3DA00178BB8 /* PBXTargetDependency */,
			);
			name = ThreeSandOceanTests;
			productName = ThreeSandOceanTests;
			productReference = BF4CDC492286D3DA00178BB8 /* ThreeSandOceanTests.xctest */;
			productType = "com.apple.product-type.bundle.unit-test";
		};
		BF4CDC532286D3DA00178BB8 /* ThreeSandOceanUITests */ = {
			isa = PBXNativeTarget;
			buildConfigurationList = BF4CDC632286D3DA00178BB8 /* Build configuration list for PBXNativeTarget "ThreeSandOceanUITests" */;
			buildPhases = (
				BF4CDC502286D3DA00178BB8 /* Sources */,
				BF4CDC512286D3DA00178BB8 /* Frameworks */,
				BF4CDC522286D3DA00178BB8 /* Resources */,
			);
			buildRules = (
			);
			dependencies = (
				BF4CDC562286D3DA00178BB8 /* PBXTargetDependency */,
			);
			name = ThreeSandOceanUITests;
			productName = ThreeSandOceanUITests;
			productReference = BF4CDC542286D3DA00178BB8 /* ThreeSandOceanUITests.xctest */;
			productType = "com.apple.product-type.bundle.ui-testing";
		};
/* End PBXNativeTarget section */

/* Begin PBXProject section */
		BF4CDC292286D3D800178BB8 /* Project object */ = {
			isa = PBXProject;
			attributes = {
				LastUpgradeCheck = 1020;
				ORGANIZATIONNAME = tools;
				TargetAttributes = {
					BF4CDC302286D3D800178BB8 = {
						CreatedOnToolsVersion = 10.2.1;
					};
					BF4CDC482286D3DA00178BB8 = {
						CreatedOnToolsVersion = 10.2.1;
						TestTargetID = BF4CDC302286D3D800178BB8;
					};
					BF4CDC532286D3DA00178BB8 = {
						CreatedOnToolsVersion = 10.2.1;
						TestTargetID = BF4CDC302286D3D800178BB8;
					};
				};
			};
			buildConfigurationList = BF4CDC2C2286D3D800178BB8 /* Build configuration list for PBXProject "ThreeSandOcean" */;
			compatibilityVersion = "Xcode 9.3";
			developmentRegion = en;
			hasScannedForEncodings = 0;
			knownRegions = (
				en,
				Base,
				"zh-Hans",
			);
			mainGroup = BF4CDC282286D3D800178BB8;
			productRefGroup = BF4CDC322286D3D800178BB8 /* Products */;
			projectDirPath = "";
			projectRoot = "";
			targets = (
				BF4CDC302286D3D800178BB8 /* ThreeSandOcean */,
				BF4CDC482286D3DA00178BB8 /* ThreeSandOceanTests */,
				BF4CDC532286D3DA00178BB8 /* ThreeSandOceanUITests */,
			);
		};
/* End PBXProject section */

/* Begin PBXResourcesBuildPhase section */
		BF4CDC2F2286D3D800178BB8 /* Resources */ = {
			isa = PBXResourcesBuildPhase;
			buildActionMask = 2147483647;
			files = (
				BF4CDC3E2286D3DA00178BB8 /* Assets.xcassets in Resources */,
				BF866EC422C5B0E200266603 /* fish.gif in Resources */,
				BF7B5ED822BCB7860035F337 /* File.strings in Resources */,
			);
			runOnlyForDeploymentPostprocessing = 0;
		};
		BF4CDC472286D3DA00178BB8 /* Resources */ = {
			isa = PBXResourcesBuildPhase;
			buildActionMask = 2147483647;
			files = (
			);
			runOnlyForDeploymentPostprocessing = 0;
		};
		BF4CDC522286D3DA00178BB8 /* Resources */ = {
			isa = PBXResourcesBuildPhase;
			buildActionMask = 2147483647;
			files = (
			);
			runOnlyForDeploymentPostprocessing = 0;
		};
/* End PBXResourcesBuildPhase section */

/* Begin PBXShellScriptBuildPhase section */
		00749A3D8FC6B303E33DF740 /* [CP] Copy Pods Resources */ = {
			isa = PBXShellScriptBuildPhase;
			buildActionMask = 2147483647;
			files = (
			);
			inputFileListPaths = (
			);
			inputPaths = (
				"${PODS_ROOT}/Target Support Files/Pods-ThreeSandOcean/Pods-ThreeSandOcean-resources.sh",
				"${PODS_ROOT}/MJRefresh/MJRefresh/MJRefresh.bundle",
				"${PODS_CONFIGURATION_BUILD_DIR}/iOS-Echarts/iOS-Echarts.bundle",
			);
			name = "[CP] Copy Pods Resources";
			outputFileListPaths = (
			);
			outputPaths = (
				"${TARGET_BUILD_DIR}/${UNLOCALIZED_RESOURCES_FOLDER_PATH}/MJRefresh.bundle",
				"${TARGET_BUILD_DIR}/${UNLOCALIZED_RESOURCES_FOLDER_PATH}/iOS-Echarts.bundle",
			);
			runOnlyForDeploymentPostprocessing = 0;
			shellPath = /bin/sh;
			shellScript = "\"${PODS_ROOT}/Target Support Files/Pods-ThreeSandOcean/Pods-ThreeSandOcean-resources.sh\"\n";
			showEnvVarsInLog = 0;
		};
		B6D280B2544F8C1F67C82F9A /* [CP] Check Pods Manifest.lock */ = {
			isa = PBXShellScriptBuildPhase;
			buildActionMask = 2147483647;
			files = (
			);
			inputFileListPaths = (
			);
			inputPaths = (
				"${PODS_PODFILE_DIR_PATH}/Podfile.lock",
				"${PODS_ROOT}/Manifest.lock",
			);
			name = "[CP] Check Pods Manifest.lock";
			outputFileListPaths = (
			);
			outputPaths = (
				"$(DERIVED_FILE_DIR)/Pods-ThreeSandOcean-checkManifestLockResult.txt",
			);
			runOnlyForDeploymentPostprocessing = 0;
			shellPath = /bin/sh;
			shellScript = "diff \"${PODS_PODFILE_DIR_PATH}/Podfile.lock\" \"${PODS_ROOT}/Manifest.lock\" > /dev/null\nif [ $? != 0 ] ; then\n    # print error to STDERR\n    echo \"error: The sandbox is not in sync with the Podfile.lock. Run 'pod install' or update your CocoaPods installation.\" >&2\n    exit 1\nfi\n# This output is used by Xcode 'outputs' to avoid re-running this script phase.\necho \"SUCCESS\" > \"${SCRIPT_OUTPUT_FILE_0}\"\n";
			showEnvVarsInLog = 0;
		};
		BF09A9DA229D128A00CC3A4E /* ShellScript */ = {
			isa = PBXShellScriptBuildPhase;
			buildActionMask = 2147483647;
			files = (
			);
			inputFileListPaths = (
			);
			inputPaths = (
			);
			outputFileListPaths = (
			);
			outputPaths = (
			);
			runOnlyForDeploymentPostprocessing = 0;
			shellPath = /bin/sh;
			shellScript = "#!/bin/sh\n#\n# Copyright 2016 Bugly, Tencent. All rights reserved.\n#\n# V1.4.0\n#\n# 2016.08.03\n#\n#\n#\n######################################################\n# 1. 脚本集成到Xcode工程的Target\n######################################################\n#\n# --- Copy the SCRIPT to the Run Script of Build Phases in the Xcode project ---\n#\n# #\nBUGLY_APP_ID=\"3d10227d36\"\n# #\nBUGLY_APP_KEY=\"08bb3425-803b-4ba1-a3ed-af44b6d759ab\"\n# #\nBUNDLE_IDENTIFIER=\"tools.ThreeSandOcean\"\n# #\nUPLOAD_DSYM_ONLY=1\n#\n# # 脚本默认配置的版本格式为CFBundleShortVersionString(CFBundleVersion),  如果你修改默认的版本格式, 请设置此变量, 如果不想修改, 请忽略此设置\n# CUSTOMIZED_APP_VERSION=\"\"\n#\n# # Debug模式编译是否上传，1＝上传 0＝不上传，默认不上传\nUPLOAD_DEBUG_SYMBOLS=1\n#\n# # 模拟器编译是否上传，1=上传 0=不上传，默认不上传\nUPLOAD_SIMULATOR_SYMBOLS=1\n#\n# #只有Archive操作时上传, 1=支持Archive上传 0=所有Release模式编译都上传\n# UPLOAD_ARCHIVE_ONLY=0\n#\n# #\n# source dSYMUpload.sh\n#\n# --- END OF SCRIPT ---\n#\n#\n#\n#\n#######################################################\n# 2. 脚本根据输入参数处理\n#######################################################\n#\n# #命令行下输入应用基本信息, .dSYM文件的父目录路径, 输出文件目录即可\n#\n# sh dSYMUpload.sh <bugly_app_id> <bugly_app_key> <app_bundle_identifier> <app_version> <dSYM_src_dir> <bSYMBOL_dest_dir>\n#\n# #\n#\n# #注意:\n# # 1. dSYMUpload.sh会调用buglySymboliOS.jar进行.dSYM解析，所以依赖Java运行时环境\n# # 2. dSYMUpload.sh和buglySymboliOS.jar的文件路径需一致\n#\n#\n\n#\n# --- CONTENT OF SCRIPT ---\n#\n\n# Bugly服务域名\nBUGLY_DSYM_UPLOAD_DOMAIN=\"api.bugly.qq.com\"\n\n# 注意jar工具的路径跟dSYMUpload.sh脚本路径一致, 请务必保证jar路径的正确性\nBUGLY_SYMBOL_JAR_PATH=\"dsymtool/buglySymboliOS.jar\"\n# 查找添加到系统目录的jar工具\nif [ ! -f \"${BUGLY_SYMBOL_JAR_PATH}\" ]; then\nBUGLY_SYMBOL_JAR_PATH=\"$HOME/bin/buglySymboliOS.jar\"\nfi\n\n# 打印错误信息\nfunction exitWithMessage(){\necho \"--------------------------------\"\necho \"${1}\"\necho \"--------------------------------\"\nexit ${2}\n}\n\n# 上传bSYMBOL文件\nfunction dSYMUpload() {\nP_APP_ID=\"$1\"\nP_APP_KEY=\"$2\"\nP_APP_BUNDLE_ID=\"$3\"\nP_APP_VERSION=\"$4\"\nP_BSYMBOL_ZIP_FILE=\"$5\"\n\n#\nP_BSYMBOL_ZIP_FILE_NAME=${P_BSYMBOL_ZIP_FILE##*/}\nP_BSYMBOL_ZIP_FILE_NAME=${P_BSYMBOL_ZIP_FILE_NAME//&/_}\nP_BSYMBOL_ZIP_FILE_NAME=\"${P_BSYMBOL_ZIP_FILE_NAME// /_}\"\n\nDSYM_UPLOAD_URL=\"https://${BUGLY_DSYM_UPLOAD_DOMAIN}/openapi/file/upload/symbol?app_id=${P_APP_ID}&app_key=${P_APP_KEY}\"\necho \"dSYM upload url: ${DSYM_UPLOAD_URL}\"\n\necho \"-----------------------------\"\nSTATUS=$(/usr/bin/curl -k \"${DSYM_UPLOAD_URL}\" --form \"api_version=1\" --form \"app_id=${P_APP_ID}\" --form \"app_key=${P_APP_KEY}\" --form \"symbolType=2\"  --form \"bundleId=${BUNDLE_IDENTIFIER}\" --form \"productVersion=${BUGLY_APP_VERSION}\" --form \"fileName=${P_BSYMBOL_ZIP_FILE_NAME}\" --form \"file=@${P_BSYMBOL_ZIP_FILE}\" --verbose)\necho \"-----------------------------\"\n\nUPLOAD_RESULT=\"FAILTURE\"\necho \"Bugly server response: ${STATUS}\"\nif [ ! \"${STATUS}\" ]; then\necho \"Error: Failed to upload the zip archive file.\"\nelif [[ \"${STATUS}\" == *\"{\\\"reponseCode\\\":\\\"0\\\"}\"* ]]; then\necho \"Success to upload the dSYM for the app [${BUNDLE_IDENTIFIER} ${BUGLY_APP_VERSION}]\"\nUPLOAD_RESULT=\"SUCCESS\"\nelse\necho \"Error: Failed to upload the zip archive file to Bugly.\"\nfi\n\n#Remove temp dSYM archive\n#echo \"Remove temporary zip archive: ${DSYM_ZIP_FPATH}\"\n#/bin/rm -f \"${DSYM_ZIP_FPATH}\"\n\nif [ \"$?\" -ne 0 ]; then\nexitWithMessage \"Error: Failed to remove temporary zip archive.\" 0\nfi\n\necho \"--------------------------------\"\necho \"${UPLOAD_RESULT} - dSYM upload complete.\"\n\nif [[ \"${UPLOAD_RESULT}\" == \"FAILTURE\" ]]; then\necho \"--------------------------------\"\necho \"Failed to upload the dSYM\"\necho \"Please check the script and try it again.\"\nfi\n}\n\n# .dSYM解析为bSYMBOL文件\nfunction dSYMParse() {\nDSYM_FILE=\"$1\"\nDSYM_SYMBOL_FILE=\"$2\"\n\necho \"--------------------------------\"\necho \"Extract symbol info from .dSYM file. to ${DSYM_SYMBOL_FILE}\"\n(/usr/bin/java -Xms512m -Xmx1024m -Dfile.encoding=UTF8 -jar \"${BUGLY_SYMBOL_JAR_PATH}\" -i \"${DSYM_FILE}\" -o \"${DSYM_SYMBOL_FILE}\" ) || exitWithMessage \"Error: Failed to extract symbols.\" 1\necho \"--------------------------------\"\n\n}\n\n# 执行\nfunction run() {\n\nCONFIG_BUGLY_APP_ID=\"$1\"\nCONFIG_BUGLY_APP_KEY=\"$2\"\n\nCONFIG_BUGLY_APP_BUNDLE_IDENTIFIER=\"$3\"\nCONFIG_BUGLY_APP_VERSION=\"$4\"\nCONFIG_DSYM_SOURCE_DIR=\"$5\"\nCONFIG_DSYM_DEST_DIR=\"$6\"\nCONFIG_UPLOAD_DSYM_ONLY=\"$7\"\n\n# 检查必须参数是否设置\nif [ ! \"${CONFIG_BUGLY_APP_ID}\" ]; then\nexitWithMessage \"Error: Bugly App ID not defined. Please set 'BUGLY_APP_ID' \" 0\nfi\n\nif [[ \"${CONFIG_BUGLY_APP_ID}\" == *\"App ID\"* ]]; then\nexitWithMessage \"Error: Bugly App ID not defined.\" 0\nfi\n\nif [ ! \"${CONFIG_BUGLY_APP_KEY}\" ]; then\nexitWithMessage \"Error: Bugly App Key not defined.\" 0\nfi\n\nif [ ! \"${CONFIG_BUGLY_APP_BUNDLE_IDENTIFIER}\" ]; then\nexitWithMessage \"Error: Bundle Identifier not defined.\" 0\nfi\n\nif [ ! \"${CONFIG_BUGLY_APP_VERSION}\" ]; then\nexitWithMessage \"Error: App Version not defined.\" 0\nfi\n\nif [ ! -e \"${CONFIG_DSYM_SOURCE_DIR}\" ]; then\nexitWithMessage \"Error: Invalid dir ${CONFIG_DSYM_SOURCE_DIR}\" 0\nfi\n\nif [ ! \"${CONFIG_DSYM_DEST_DIR}\" ]; then\nexitWithMessage \"Error: Invalid dir ${CONFIG_DSYM_DEST_DIR}\" 0\nfi\n\nif [ ! -e \"${CONFIG_DSYM_DEST_DIR}\" ]; then\nmkdir ${CONFIG_DSYM_DEST_DIR}\nfi\n\nDSYM_FOLDER=\"${CONFIG_DSYM_SOURCE_DIR}\"\nIFS=$'\\n'\n\necho \"Scaning dSYM FOLDER: ${DSYM_FOLDER} ...\"\nRET=\"F\"\n\n#\nfor dsymFile in $(find \"$DSYM_FOLDER\" -name '*.dSYM'); do\nRET=\"T\"\necho \"Found dSYM file: $dsymFile\"\n\nDSYM_FILE_NAME=${dsymFile##*/}\nDSYM_SYMBOL_ZIP_FILE_NAME=\"${DSYM_FILE_NAME}.zip\"\nDSYM_SYMBOL_ZIP_FILE_NAME=\"${DSYM_SYMBOL_ZIP_FILE_NAME// /_}\"\nDSYM_SYMBOL_ZIP_FILE=${CONFIG_DSYM_DEST_DIR}/${DSYM_SYMBOL_ZIP_FILE_NAME}\n\nif [ $CONFIG_UPLOAD_DSYM_ONLY -eq 1 ]; then\nif [ -e $DSYM_SYMBOL_ZIP_FILE ]; then\nrm -f $DSYM_SYMBOL_ZIP_FILE\nfi\n# 如果只上传dSYM，直接压缩dSYM目录\nzip -r -j $DSYM_SYMBOL_ZIP_FILE $dsymFile -x *.plist\nelse\n# 使用符号表工具来生成Symbol文件\ndSYMParse $dsymFile $DSYM_SYMBOL_ZIP_FILE\nfi\n\n# 上传\ndSYMUpload $CONFIG_BUGLY_APP_ID $CONFIG_BUGLY_APP_KEY $CONFIG_BUGLY_APP_BUNDLE_IDENTIFIER $CONFIG_BUGLY_APP_VERSION $DSYM_SYMBOL_ZIP_FILE\ndone\n\nif [ $RET = \"F\" ]; then\nexitWithMessage \"No .dSYM found in ${DSYM_FOLDER}\" 0\nfi\n}\n\n# 在Xcode工程中执行\nfunction runInXcode(){\necho \"Uploading dSYM to Bugly in Xcode ...\"\n\necho \"Info.Plist : ${INFOPLIST_FILE}\"\n\nBUNDLE_VERSION=$(/usr/libexec/PlistBuddy -c 'Print CFBundleVersion' \"${INFOPLIST_FILE}\")\nBUNDLE_SHORT_VERSION=$(/usr/libexec/PlistBuddy -c 'Print CFBundleShortVersionString' \"${INFOPLIST_FILE}\")\n\n# 组装Bugly默认识别的版本信息(格式为CFBundleShortVersionString(CFBundleVersion), 例如: 1.0(1))\nif [ ! \"${CUSTOMIZED_APP_VERSION}\" ]; then\nBUGLY_APP_VERSION=\"${BUNDLE_SHORT_VERSION}(${BUNDLE_VERSION})\"\nelse\nBUGLY_APP_VERSION=\"${CUSTOMIZED_APP_VERSION}\"\nfi\n\necho \"--------------------------------\"\necho \"Prepare application information.\"\necho \"--------------------------------\"\n\necho \"Product Name: ${PRODUCT_NAME}\"\necho \"Bundle Identifier: ${BUNDLE_IDENTIFIER}\"\necho \"Version: ${BUNDLE_SHORT_VERSION}\"\necho \"Build: ${BUNDLE_VERSION}\"\n\necho \"Bugly App ID: ${BUGLY_APP_ID}\"\necho \"Bugly App key: ${BUGLY_APP_KEY}\"\necho \"Bugly App Version: ${BUGLY_APP_VERSION}\"\n\necho \"--------------------------------\"\necho \"Check the arguments ...\"\n\n##检查模拟器编译是否允许上传符号\nif [ \"$EFFECTIVE_PLATFORM_NAME\" == \"-iphonesimulator\" ]; then\nif [ $UPLOAD_SIMULATOR_SYMBOLS -eq 0 ]; then\nexitWithMessage \"Warning: Build for simulator and skipping to upload. \\nYou can modify 'UPLOAD_SIMULATOR_SYMBOLS' to 1 in the script.\" 0\nfi\nfi\n\n##检查是否是Release模式编译\nif [ \"${CONFIGURATION=}\" == \"Debug\" ]; then\nif [ $UPLOAD_DEBUG_SYMBOLS -eq 0 ]; then\nexitWithMessage \"Warning: Build for debug mode and skipping to upload. \\nYou can modify 'UPLOAD_DEBUG_SYMBOLS' to 1 in the script.\" 0\nfi\nfi\n\n##检查是否Archive操作\nif [ $UPLOAD_ARCHIVE_ONLY -eq 1 ]; then\nif [[ \"$TARGET_BUILD_DIR\" == *\"/Archive\"* ]]; then\necho \"Archive the package\"\nelse\nexitWithMessage \"Warning: Build for NOT Archive mode and skipping to upload. \\nYou can modify 'UPLOAD_ARCHIVE_ONLY' to 0 in the script.\" 0\nfi\nfi\n\n#\nrun ${BUGLY_APP_ID} ${BUGLY_APP_KEY} ${BUNDLE_IDENTIFIER} ${BUGLY_APP_VERSION} ${DWARF_DSYM_FOLDER_PATH} ${BUILD_DIR}/BuglySymbolTemp ${UPLOAD_DSYM_ONLY}\n}\n\n# 根据Xcode的环境变量判断是否处于Xcode环境\nINFO_PLIST_FILE=\"${INFOPLIST_FILE}\"\n\nBuildInXcode=\"F\"\nif [ -f \"${INFO_PLIST_FILE}\" ]; then\nBuildInXcode=\"T\"\nfi\n\nif [ $BuildInXcode = \"T\" ]; then\nrunInXcode\nelse\necho \"\\nUsage: dSYMUpload.sh <bugly_app_id> <bugly_app_key> <app_bundle_identifier> <app_version> <dSYM_src_dir> <bSYMBOL_dest_dir> [upload_dsym_only]\\n\"\n# 你可以在此处直接设置BuglyAppID和BuglyAppKey，排除不常变参数的输入\nBUGLY_APP_ID=\"$1\"\nBUGLY_APP_KEY=\"$2\"\nBUNDLE_IDENTIFIER=\"$3\"\nBUGLY_APP_VERSION=\"$4\"\nDWARF_DSYM_FOLDER_PATH=\"$5\"\nSYMBOL_OUTPUT_PATH=\"$6\"\nUPLOAD_DSYM_ONLY=$7\nrun ${BUGLY_APP_ID} ${BUGLY_APP_KEY} ${BUNDLE_IDENTIFIER} ${BUGLY_APP_VERSION} ${DWARF_DSYM_FOLDER_PATH} ${SYMBOL_OUTPUT_PATH} ${UPLOAD_DSYM_ONLY}\nfi\n";
		};
/* End PBXShellScriptBuildPhase section */

/* Begin PBXSourcesBuildPhase section */
		BF4CDC2D2286D3D800178BB8 /* Sources */ = {
			isa = PBXSourcesBuildPhase;
			buildActionMask = 2147483647;
			files = (
				BF02323F228BBB600017DAC0 /* BaseViewController.m in Sources */,
				BF7B5EB822BB3C440035F337 /* TSOForgetPasswordViewController.m in Sources */,
				BF09362122C0F2A5004BC1D5 /* TSOWangXiangListViewController.m in Sources */,
				BF09362422C0F4D1004BC1D5 /* TSOWXListTableViewCell.m in Sources */,
				BFFFF1F82296748400666AD4 /* TSOFeedDetailViewController.m in Sources */,
				BFFFF20A2298F9D900666AD4 /* TSORegisterViewController.m in Sources */,
				BF023243228BCD180017DAC0 /* TSOWelcomeViewController.m in Sources */,
				BF4CDC442286D3DA00178BB8 /* main.m in Sources */,
				BFFFF2012296994800666AD4 /* TSOFeedHistoryTableViewCell.m in Sources */,
				BF02324F228C1E2A0017DAC0 /* TSOLoginViewController.m in Sources */,
				BFFFF1DF2293FFB400666AD4 /* TSOMonitoringHeaderCollectionReusableView.m in Sources */,
				BF023287228EB8510017DAC0 /* TSOMoreListView.m in Sources */,
				BF7B5EB022B7C5370035F337 /* UIView+category.m in Sources */,
				BF02325B228D44A30017DAC0 /* TSOMainTabBarController.m in Sources */,
				BF02324A228BF64F0017DAC0 /* TSOWelcomeView.m in Sources */,
				BFFFF1DC2293FA5D00666AD4 /* TSOMonitoringCollectionViewCell.m in Sources */,
				BF023275228D4E050017DAC0 /* TSOBreedAquaticsViewController.m in Sources */,
				BFFFF2072297D7FF00666AD4 /* TSOLogMessageView.m in Sources */,
				BF023255228D3E200017DAC0 /* BaseNavViewController.m in Sources */,
				BFFFF2042296ADB700666AD4 /* TSOEnvironmentManagerViewController.m in Sources */,
				BF09A9D9229BF52800CC3A4E /* BaseWKWebView.m in Sources */,
				BFFFF1D62293DBB000666AD4 /* TSOBreedAquaticsCollectionViewCell.m in Sources */,
				BF023252228C3E6D0017DAC0 /* TSOPageControl.m in Sources */,
				BF74CF4122924F58003B3275 /* TSOPersonInfoViewController.m in Sources */,
				BF02327B228D4E7D0017DAC0 /* TSOMonitoringViewController.m in Sources */,
				BFFFF1FE2296972D00666AD4 /* TSOFeedHistoryViewController.m in Sources */,
				BF0231E5228971790017DAC0 /* UIImage+category.m in Sources */,
				BF0231E2228926A00017DAC0 /* NSDate+category.m in Sources */,
				BF023278228D4E3E0017DAC0 /* TSOFeedViewController.m in Sources */,
				BF09362722C360A4004BC1D5 /* TSOCompleteInfoViewController.m in Sources */,
				BF023281228D752E0017DAC0 /* TSOMineListView.m in Sources */,
				BF0231DB228911640017DAC0 /* MYTools.m in Sources */,
				BF4CDC362286D3D800178BB8 /* AppDelegate.m in Sources */,
				BF023272228D4DB70017DAC0 /* TSOFisheryViewController.m in Sources */,
				BFFFF1D92293EE6100666AD4 /* TSONetcageDetailViewController.m in Sources */,
				BF09A9C0229B96BC00CC3A4E /* BaseNetwork.m in Sources */,
				BF74CF44229257E6003B3275 /* TSOPersonInfoListView.m in Sources */,
				BF02327E228D4E930017DAC0 /* TSOMineViewController.m in Sources */,
				BFFFF1E2229423AC00666AD4 /* TSOAboutUsViewController.m in Sources */,
				BFFFF1F2229655F800666AD4 /* TSOFeedMachineCollectionViewCell.m in Sources */,
				BF023284228EB77C0017DAC0 /* TSOMoreViewController.m in Sources */,
				BFFFF1ED229527E900666AD4 /* UIButton+category.m in Sources */,
				BFFFF1F52296575D00666AD4 /* TSOFeedManagerViewController.m in Sources */,
				BFFFF1E52294297C00666AD4 /* TSOFeedbackViewController.m in Sources */,
				BF0231DA228911640017DAC0 /* NSString+category.m in Sources */,
			);
			runOnlyForDeploymentPostprocessing = 0;
		};
		BF4CDC452286D3DA00178BB8 /* Sources */ = {
			isa = PBXSourcesBuildPhase;
			buildActionMask = 2147483647;
			files = (
				BF4CDC4E2286D3DA00178BB8 /* ThreeSandOceanTests.m in Sources */,
			);
			runOnlyForDeploymentPostprocessing = 0;
		};
		BF4CDC502286D3DA00178BB8 /* Sources */ = {
			isa = PBXSourcesBuildPhase;
			buildActionMask = 2147483647;
			files = (
				BF4CDC592286D3DA00178BB8 /* ThreeSandOceanUITests.m in Sources */,
			);
			runOnlyForDeploymentPostprocessing = 0;
		};
/* End PBXSourcesBuildPhase section */

/* Begin PBXTargetDependency section */
		BF4CDC4B2286D3DA00178BB8 /* PBXTargetDependency */ = {
			isa = PBXTargetDependency;
			target = BF4CDC302286D3D800178BB8 /* ThreeSandOcean */;
			targetProxy = BF4CDC4A2286D3DA00178BB8 /* PBXContainerItemProxy */;
		};
		BF4CDC562286D3DA00178BB8 /* PBXTargetDependency */ = {
			isa = PBXTargetDependency;
			target = BF4CDC302286D3D800178BB8 /* ThreeSandOcean */;
			targetProxy = BF4CDC552286D3DA00178BB8 /* PBXContainerItemProxy */;
		};
/* End PBXTargetDependency section */

/* Begin PBXVariantGroup section */
		BF7B5EDA22BCB7860035F337 /* File.strings */ = {
			isa = PBXVariantGroup;
			children = (
				BF7B5ED922BCB7860035F337 /* en */,
				BF7B5EDB22BCB7A50035F337 /* zh-Hans */,
			);
			name = File.strings;
			sourceTree = "<group>";
		};
/* End PBXVariantGroup section */

/* Begin XCBuildConfiguration section */
		BF4CDC5B2286D3DA00178BB8 /* Debug */ = {
			isa = XCBuildConfiguration;
			buildSettings = {
				ALWAYS_SEARCH_USER_PATHS = NO;
				CLANG_ANALYZER_LOCALIZABILITY_NONLOCALIZED = YES;
				CLANG_ANALYZER_NONNULL = YES;
				CLANG_ANALYZER_NUMBER_OBJECT_CONVERSION = YES_AGGRESSIVE;
				CLANG_CXX_LANGUAGE_STANDARD = "gnu++14";
				CLANG_CXX_LIBRARY = "libc++";
				CLANG_ENABLE_MODULES = YES;
				CLANG_ENABLE_OBJC_ARC = YES;
				CLANG_ENABLE_OBJC_WEAK = YES;
				CLANG_WARN_BLOCK_CAPTURE_AUTORELEASING = YES;
				CLANG_WARN_BOOL_CONVERSION = YES;
				CLANG_WARN_COMMA = YES;
				CLANG_WARN_CONSTANT_CONVERSION = YES;
				CLANG_WARN_DEPRECATED_OBJC_IMPLEMENTATIONS = YES;
				CLANG_WARN_DIRECT_OBJC_ISA_USAGE = YES_ERROR;
				CLANG_WARN_DOCUMENTATION_COMMENTS = YES;
				CLANG_WARN_EMPTY_BODY = YES;
				CLANG_WARN_ENUM_CONVERSION = YES;
				CLANG_WARN_INFINITE_RECURSION = YES;
				CLANG_WARN_INT_CONVERSION = YES;
				CLANG_WARN_NON_LITERAL_NULL_CONVERSION = YES;
				CLANG_WARN_OBJC_IMPLICIT_RETAIN_SELF = YES;
				CLANG_WARN_OBJC_LITERAL_CONVERSION = YES;
				CLANG_WARN_OBJC_ROOT_CLASS = YES_ERROR;
				CLANG_WARN_RANGE_LOOP_ANALYSIS = YES;
				CLANG_WARN_STRICT_PROTOTYPES = YES;
				CLANG_WARN_SUSPICIOUS_MOVE = YES;
				CLANG_WARN_UNGUARDED_AVAILABILITY = YES_AGGRESSIVE;
				CLANG_WARN_UNREACHABLE_CODE = YES;
				CLANG_WARN__DUPLICATE_METHOD_MATCH = YES;
				CODE_SIGN_IDENTITY = "iPhone Developer";
				COPY_PHASE_STRIP = NO;
				DEBUG_INFORMATION_FORMAT = dwarf;
				ENABLE_STRICT_OBJC_MSGSEND = YES;
				ENABLE_TESTABILITY = YES;
				GCC_C_LANGUAGE_STANDARD = gnu11;
				GCC_DYNAMIC_NO_PIC = NO;
				GCC_NO_COMMON_BLOCKS = YES;
				GCC_OPTIMIZATION_LEVEL = 0;
				GCC_PREPROCESSOR_DEFINITIONS = (
					"DEBUG=1",
					"$(inherited)",
				);
				GCC_WARN_64_TO_32_BIT_CONVERSION = YES;
				GCC_WARN_ABOUT_RETURN_TYPE = YES_ERROR;
				GCC_WARN_UNDECLARED_SELECTOR = YES;
				GCC_WARN_UNINITIALIZED_AUTOS = YES_AGGRESSIVE;
				GCC_WARN_UNUSED_FUNCTION = YES;
				GCC_WARN_UNUSED_VARIABLE = YES;
				IPHONEOS_DEPLOYMENT_TARGET = 12.2;
				MTL_ENABLE_DEBUG_INFO = INCLUDE_SOURCE;
				MTL_FAST_MATH = YES;
				ONLY_ACTIVE_ARCH = YES;
				SDKROOT = iphoneos;
			};
			name = Debug;
		};
		BF4CDC5C2286D3DA00178BB8 /* Release */ = {
			isa = XCBuildConfiguration;
			buildSettings = {
				ALWAYS_SEARCH_USER_PATHS = NO;
				CLANG_ANALYZER_LOCALIZABILITY_NONLOCALIZED = YES;
				CLANG_ANALYZER_NONNULL = YES;
				CLANG_ANALYZER_NUMBER_OBJECT_CONVERSION = YES_AGGRESSIVE;
				CLANG_CXX_LANGUAGE_STANDARD = "gnu++14";
				CLANG_CXX_LIBRARY = "libc++";
				CLANG_ENABLE_MODULES = YES;
				CLANG_ENABLE_OBJC_ARC = YES;
				CLANG_ENABLE_OBJC_WEAK = YES;
				CLANG_WARN_BLOCK_CAPTURE_AUTORELEASING = YES;
				CLANG_WARN_BOOL_CONVERSION = YES;
				CLANG_WARN_COMMA = YES;
				CLANG_WARN_CONSTANT_CONVERSION = YES;
				CLANG_WARN_DEPRECATED_OBJC_IMPLEMENTATIONS = YES;
				CLANG_WARN_DIRECT_OBJC_ISA_USAGE = YES_ERROR;
				CLANG_WARN_DOCUMENTATION_COMMENTS = YES;
				CLANG_WARN_EMPTY_BODY = YES;
				CLANG_WARN_ENUM_CONVERSION = YES;
				CLANG_WARN_INFINITE_RECURSION = YES;
				CLANG_WARN_INT_CONVERSION = YES;
				CLANG_WARN_NON_LITERAL_NULL_CONVERSION = YES;
				CLANG_WARN_OBJC_IMPLICIT_RETAIN_SELF = YES;
				CLANG_WARN_OBJC_LITERAL_CONVERSION = YES;
				CLANG_WARN_OBJC_ROOT_CLASS = YES_ERROR;
				CLANG_WARN_RANGE_LOOP_ANALYSIS = YES;
				CLANG_WARN_STRICT_PROTOTYPES = YES;
				CLANG_WARN_SUSPICIOUS_MOVE = YES;
				CLANG_WARN_UNGUARDED_AVAILABILITY = YES_AGGRESSIVE;
				CLANG_WARN_UNREACHABLE_CODE = YES;
				CLANG_WARN__DUPLICATE_METHOD_MATCH = YES;
				CODE_SIGN_IDENTITY = "iPhone Developer";
				COPY_PHASE_STRIP = NO;
				DEBUG_INFORMATION_FORMAT = "dwarf-with-dsym";
				ENABLE_NS_ASSERTIONS = NO;
				ENABLE_STRICT_OBJC_MSGSEND = YES;
				GCC_C_LANGUAGE_STANDARD = gnu11;
				GCC_NO_COMMON_BLOCKS = YES;
				GCC_WARN_64_TO_32_BIT_CONVERSION = YES;
				GCC_WARN_ABOUT_RETURN_TYPE = YES_ERROR;
				GCC_WARN_UNDECLARED_SELECTOR = YES;
				GCC_WARN_UNINITIALIZED_AUTOS = YES_AGGRESSIVE;
				GCC_WARN_UNUSED_FUNCTION = YES;
				GCC_WARN_UNUSED_VARIABLE = YES;
				IPHONEOS_DEPLOYMENT_TARGET = 12.2;
				MTL_ENABLE_DEBUG_INFO = NO;
				MTL_FAST_MATH = YES;
				SDKROOT = iphoneos;
				VALIDATE_PRODUCT = YES;
			};
			name = Release;
		};
		BF4CDC5E2286D3DA00178BB8 /* Debug */ = {
			isa = XCBuildConfiguration;
			baseConfigurationReference = 02094F273CD0C2396BA247F8 /* Pods-ThreeSandOcean.debug.xcconfig */;
			buildSettings = {
				ASSETCATALOG_COMPILER_APPICON_NAME = AppIcon;
				ASSETCATALOG_COMPILER_LAUNCHIMAGE_NAME = LaunchImage;
				CODE_SIGN_STYLE = Automatic;
				DEBUG_INFORMATION_FORMAT = "dwarf-with-dsym";
				DEVELOPMENT_TEAM = 64993232M7;
				GCC_PRECOMPILE_PREFIX_HEADER = YES;
				GCC_PREFIX_HEADER = ThreeSandOcean/tools/LYHPrefixHeader.pch;
				INFOPLIST_FILE = ThreeSandOcean/Info.plist;
				LD_RUNPATH_SEARCH_PATHS = (
					"$(inherited)",
					"@executable_path/Frameworks",
				);
				PRODUCT_BUNDLE_IDENTIFIER = tools.ThreeSandOcean;
				PRODUCT_NAME = "$(TARGET_NAME)";
				TARGETED_DEVICE_FAMILY = "1,2";
				WARNING_CFLAGS = "-Wno-implicit-retain-self";
			};
			name = Debug;
		};
		BF4CDC5F2286D3DA00178BB8 /* Release */ = {
			isa = XCBuildConfiguration;
			baseConfigurationReference = E9F4658823746F7C218C944F /* Pods-ThreeSandOcean.release.xcconfig */;
			buildSettings = {
				ASSETCATALOG_COMPILER_APPICON_NAME = AppIcon;
				ASSETCATALOG_COMPILER_LAUNCHIMAGE_NAME = LaunchImage;
				CODE_SIGN_STYLE = Automatic;
				DEVELOPMENT_TEAM = 64993232M7;
				GCC_PRECOMPILE_PREFIX_HEADER = YES;
				GCC_PREFIX_HEADER = ThreeSandOcean/tools/LYHPrefixHeader.pch;
				INFOPLIST_FILE = ThreeSandOcean/Info.plist;
				LD_RUNPATH_SEARCH_PATHS = (
					"$(inherited)",
					"@executable_path/Frameworks",
				);
				PRODUCT_BUNDLE_IDENTIFIER = tools.ThreeSandOcean;
				PRODUCT_NAME = "$(TARGET_NAME)";
				TARGETED_DEVICE_FAMILY = "1,2";
			};
			name = Release;
		};
		BF4CDC612286D3DA00178BB8 /* Debug */ = {
			isa = XCBuildConfiguration;
			buildSettings = {
				BUNDLE_LOADER = "$(TEST_HOST)";
				CODE_SIGN_STYLE = Automatic;
				DEVELOPMENT_TEAM = 64993232M7;
				INFOPLIST_FILE = ThreeSandOceanTests/Info.plist;
				LD_RUNPATH_SEARCH_PATHS = (
					"$(inherited)",
					"@executable_path/Frameworks",
					"@loader_path/Frameworks",
				);
				PRODUCT_BUNDLE_IDENTIFIER = tools.ThreeSandOceanTests;
				PRODUCT_NAME = "$(TARGET_NAME)";
				TARGETED_DEVICE_FAMILY = "1,2";
				TEST_HOST = "$(BUILT_PRODUCTS_DIR)/ThreeSandOcean.app/ThreeSandOcean";
			};
			name = Debug;
		};
		BF4CDC622286D3DA00178BB8 /* Release */ = {
			isa = XCBuildConfiguration;
			buildSettings = {
				BUNDLE_LOADER = "$(TEST_HOST)";
				CODE_SIGN_STYLE = Automatic;
				DEVELOPMENT_TEAM = 64993232M7;
				INFOPLIST_FILE = ThreeSandOceanTests/Info.plist;
				LD_RUNPATH_SEARCH_PATHS = (
					"$(inherited)",
					"@executable_path/Frameworks",
					"@loader_path/Frameworks",
				);
				PRODUCT_BUNDLE_IDENTIFIER = tools.ThreeSandOceanTests;
				PRODUCT_NAME = "$(TARGET_NAME)";
				TARGETED_DEVICE_FAMILY = "1,2";
				TEST_HOST = "$(BUILT_PRODUCTS_DIR)/ThreeSandOcean.app/ThreeSandOcean";
			};
			name = Release;
		};
		BF4CDC642286D3DA00178BB8 /* Debug */ = {
			isa = XCBuildConfiguration;
			buildSettings = {
				CODE_SIGN_STYLE = Automatic;
				DEVELOPMENT_TEAM = 64993232M7;
				INFOPLIST_FILE = ThreeSandOceanUITests/Info.plist;
				LD_RUNPATH_SEARCH_PATHS = (
					"$(inherited)",
					"@executable_path/Frameworks",
					"@loader_path/Frameworks",
				);
				PRODUCT_BUNDLE_IDENTIFIER = tools.ThreeSandOceanUITests;
				PRODUCT_NAME = "$(TARGET_NAME)";
				TARGETED_DEVICE_FAMILY = "1,2";
				TEST_TARGET_NAME = ThreeSandOcean;
			};
			name = Debug;
		};
		BF4CDC652286D3DA00178BB8 /* Release */ = {
			isa = XCBuildConfiguration;
			buildSettings = {
				CODE_SIGN_STYLE = Automatic;
				DEVELOPMENT_TEAM = 64993232M7;
				INFOPLIST_FILE = ThreeSandOceanUITests/Info.plist;
				LD_RUNPATH_SEARCH_PATHS = (
					"$(inherited)",
					"@executable_path/Frameworks",
					"@loader_path/Frameworks",
				);
				PRODUCT_BUNDLE_IDENTIFIER = tools.ThreeSandOceanUITests;
				PRODUCT_NAME = "$(TARGET_NAME)";
				TARGETED_DEVICE_FAMILY = "1,2";
				TEST_TARGET_NAME = ThreeSandOcean;
			};
			name = Release;
		};
/* End XCBuildConfiguration section */

/* Begin XCConfigurationList section */
		BF4CDC2C2286D3D800178BB8 /* Build configuration list for PBXProject "ThreeSandOcean" */ = {
			isa = XCConfigurationList;
			buildConfigurations = (
				BF4CDC5B2286D3DA00178BB8 /* Debug */,
				BF4CDC5C2286D3DA00178BB8 /* Release */,
			);
			defaultConfigurationIsVisible = 0;
			defaultConfigurationName = Release;
		};
		BF4CDC5D2286D3DA00178BB8 /* Build configuration list for PBXNativeTarget "ThreeSandOcean" */ = {
			isa = XCConfigurationList;
			buildConfigurations = (
				BF4CDC5E2286D3DA00178BB8 /* Debug */,
				BF4CDC5F2286D3DA00178BB8 /* Release */,
			);
			defaultConfigurationIsVisible = 0;
			defaultConfigurationName = Release;
		};
		BF4CDC602286D3DA00178BB8 /* Build configuration list for PBXNativeTarget "ThreeSandOceanTests" */ = {
			isa = XCConfigurationList;
			buildConfigurations = (
				BF4CDC612286D3DA00178BB8 /* Debug */,
				BF4CDC622286D3DA00178BB8 /* Release */,
			);
			defaultConfigurationIsVisible = 0;
			defaultConfigurationName = Release;
		};
		BF4CDC632286D3DA00178BB8 /* Build configuration list for PBXNativeTarget "ThreeSandOceanUITests" */ = {
			isa = XCConfigurationList;
			buildConfigurations = (
				BF4CDC642286D3DA00178BB8 /* Debug */,
				BF4CDC652286D3DA00178BB8 /* Release */,
			);
			defaultConfigurationIsVisible = 0;
			defaultConfigurationName = Release;
		};
/* End XCConfigurationList section */
	};
	rootObject = BF4CDC292286D3D800178BB8 /* Project object */;
}
